{
  "version": 4,
  "terraform_version": "0.14.2",
  "serial": 43,
  "lineage": "cf7cebc6-5051-3a62-7e54-5f98b12719a1",
  "outputs": {},
  "resources": [
    {
      "mode": "data",
      "type": "vsphere_datacenter",
      "name": "dc",
      "provider": "provider[\"registry.terraform.io/hashicorp/vsphere\"]",
      "instances": [
        {
          "schema_version": 0,
          "attributes": {
            "id": "datacenter-1001",
            "name": "Chicago"
          },
          "sensitive_attributes": []
        }
      ]
    },
    {
      "mode": "data",
      "type": "vsphere_datastore",
      "name": "datastore",
      "provider": "provider[\"registry.terraform.io/hashicorp/vsphere\"]",
      "instances": [
        {
          "schema_version": 0,
          "attributes": {
            "datacenter_id": "datacenter-1001",
            "id": "datastore-1027",
            "name": "chi-fs-vvol"
          },
          "sensitive_attributes": []
        }
      ]
    },
    {
      "mode": "data",
      "type": "vsphere_network",
      "name": "iscsi",
      "provider": "provider[\"registry.terraform.io/hashicorp/vsphere\"]",
      "instances": [
        {
          "schema_version": 0,
          "attributes": {
            "datacenter_id": "datacenter-1001",
            "distributed_virtual_switch_uuid": null,
            "id": "network-1029",
            "name": "privatevlan",
            "type": "Network"
          },
          "sensitive_attributes": []
        }
      ]
    },
    {
      "mode": "data",
      "type": "vsphere_network",
      "name": "public",
      "provider": "provider[\"registry.terraform.io/hashicorp/vsphere\"]",
      "instances": [
        {
          "schema_version": 0,
          "attributes": {
            "datacenter_id": "datacenter-1001",
            "distributed_virtual_switch_uuid": null,
            "id": "network-1031",
            "name": "VLAN112",
            "type": "Network"
          },
          "sensitive_attributes": []
        }
      ]
    },
    {
      "mode": "data",
      "type": "vsphere_resource_pool",
      "name": "pool1",
      "provider": "provider[\"registry.terraform.io/hashicorp/vsphere\"]",
      "instances": [
        {
          "schema_version": 0,
          "attributes": {
            "datacenter_id": "datacenter-1001",
            "id": "resgroup-1255",
            "name": "bm-rp"
          },
          "sensitive_attributes": []
        }
      ]
    },
    {
      "mode": "data",
      "type": "vsphere_virtual_machine",
      "name": "template",
      "provider": "provider[\"registry.terraform.io/hashicorp/vsphere\"]",
      "instances": [
        {
          "schema_version": 0,
          "attributes": {
            "alternate_guest_name": "",
            "annotation": "",
            "boot_delay": 0,
            "boot_retry_delay": 10000,
            "boot_retry_enabled": false,
            "change_version": "2020-12-02T22:35:37.616231Z",
            "cpu_hot_add_enabled": false,
            "cpu_hot_remove_enabled": false,
            "cpu_limit": -1,
            "cpu_performance_counters_enabled": false,
            "cpu_reservation": 0,
            "cpu_share_count": 4000,
            "cpu_share_level": "normal",
            "datacenter_id": "datacenter-1001",
            "disks": [
              {
                "eagerly_scrub": false,
                "label": "Hard disk 1",
                "size": 200,
                "thin_provisioned": true,
                "unit_number": 0
              }
            ],
            "efi_secure_boot_enabled": false,
            "enable_disk_uuid": false,
            "enable_logging": true,
            "ept_rvi_mode": "automatic",
            "extra_config": {},
            "firmware": "bios",
            "guest_id": "ubuntu64Guest",
            "guest_ip_addresses": [],
            "hardware_version": 15,
            "hv_mode": "hvAuto",
            "id": "421af23b-8638-17b7-3a7d-ec04fcfa4cbe",
            "ide_controller_scan_count": 2,
            "latency_sensitivity": "normal",
            "memory": 16384,
            "memory_hot_add_enabled": false,
            "memory_limit": -1,
            "memory_reservation": 0,
            "memory_share_count": 163840,
            "memory_share_level": "normal",
            "name": "chi-template-ubuntu20.04-clean",
            "nested_hv_enabled": false,
            "network_interface_types": [
              "vmxnet3",
              "vmxnet3"
            ],
            "num_cores_per_socket": 1,
            "num_cpus": 4,
            "run_tools_scripts_after_power_on": true,
            "run_tools_scripts_after_resume": true,
            "run_tools_scripts_before_guest_reboot": false,
            "run_tools_scripts_before_guest_shutdown": true,
            "run_tools_scripts_before_guest_standby": true,
            "sata_controller_scan_count": 0,
            "scsi_bus_sharing": "noSharing",
            "scsi_controller_scan_count": 1,
            "scsi_type": "pvscsi",
            "storage_policy_id": null,
            "swap_placement_policy": "inherit",
            "sync_time_with_host": true,
            "uuid": "421af23b-8638-17b7-3a7d-ec04fcfa4cbe",
            "vapp": null,
            "vapp_transport": []
          },
          "sensitive_attributes": []
        }
      ]
    },
    {
      "mode": "managed",
      "type": "vsphere_virtual_machine",
      "name": "vm",
      "provider": "provider[\"registry.terraform.io/hashicorp/vsphere\"]",
      "instances": [
        {
          "index_key": 0,
          "schema_version": 3,
          "attributes": {
            "alternate_guest_name": "",
            "annotation": "",
            "boot_delay": 0,
            "boot_retry_delay": 10000,
            "boot_retry_enabled": false,
            "cdrom": [
              {
                "client_device": true,
                "datastore_id": "",
                "device_address": "sata:0:0",
                "key": 16000,
                "path": ""
              }
            ],
            "change_version": "2020-12-15T19:34:23.765302Z",
            "clone": [
              {
                "customize": [
                  {
                    "dns_server_list": [
                      "10.224.112.106",
                      "8.8.4.4",
                      "8.8.8.8"
                    ],
                    "dns_suffix_list": [],
                    "ipv4_gateway": "10.224.112.1",
                    "ipv6_gateway": "",
                    "linux_options": [
                      {
                        "domain": "purestorage.com",
                        "host_name": "chi-btm-pwx-n0",
                        "hw_clock_utc": true,
                        "time_zone": ""
                      }
                    ],
                    "network_interface": [
                      {
                        "dns_domain": "",
                        "dns_server_list": [],
                        "ipv4_address": "10.224.114.100",
                        "ipv4_netmask": 22,
                        "ipv6_address": "",
                        "ipv6_netmask": 0
                      },
                      {
                        "dns_domain": "",
                        "dns_server_list": [],
                        "ipv4_address": "10.10.10.250",
                        "ipv4_netmask": 24,
                        "ipv6_address": "",
                        "ipv6_netmask": 0
                      }
                    ],
                    "timeout": 10,
                    "windows_options": [],
                    "windows_sysprep_text": ""
                  }
                ],
                "linked_clone": false,
                "ovf_network_map": {},
                "ovf_storage_map": {},
                "template_uuid": "421af23b-8638-17b7-3a7d-ec04fcfa4cbe",
                "timeout": 30
              }
            ],
            "cpu_hot_add_enabled": false,
            "cpu_hot_remove_enabled": false,
            "cpu_limit": -1,
            "cpu_performance_counters_enabled": false,
            "cpu_reservation": 0,
            "cpu_share_count": 4000,
            "cpu_share_level": "normal",
            "custom_attributes": {},
            "datacenter_id": null,
            "datastore_cluster_id": null,
            "datastore_id": "datastore-1027",
            "default_ip_address": "10.224.114.100",
            "disk": [
              {
                "attach": false,
                "controller_type": "scsi",
                "datastore_id": "datastore-1027",
                "device_address": "scsi:0:0",
                "disk_mode": "persistent",
                "disk_sharing": "sharingNone",
                "eagerly_scrub": false,
                "io_limit": -1,
                "io_reservation": 0,
                "io_share_count": 1000,
                "io_share_level": "normal",
                "keep_on_remove": false,
                "key": 2000,
                "label": "disk0",
                "name": "",
                "path": "rfc4122.0ccf9658-aea2-443f-8353-4dcdbad4cfb9/chi-btm-pwx-n0.vmdk",
                "size": 200,
                "storage_policy_id": "f4e5bade-15a2-4805-bf8e-52318c4ce443",
                "thin_provisioned": true,
                "unit_number": 0,
                "uuid": "6000C299-b4cc-4c75-2840-6c4d14a6347b",
                "write_through": false
              },
              {
                "attach": false,
                "controller_type": "scsi",
                "datastore_id": "datastore-1027",
                "device_address": "scsi:0:1",
                "disk_mode": "persistent",
                "disk_sharing": "sharingNone",
                "eagerly_scrub": false,
                "io_limit": -1,
                "io_reservation": 0,
                "io_share_count": 1000,
                "io_share_level": "normal",
                "keep_on_remove": false,
                "key": 2001,
                "label": "disk1",
                "name": "",
                "path": "rfc4122.0ccf9658-aea2-443f-8353-4dcdbad4cfb9/chi-btm-pwx-n0_1.vmdk",
                "size": 100,
                "storage_policy_id": "f4e5bade-15a2-4805-bf8e-52318c4ce443",
                "thin_provisioned": true,
                "unit_number": 1,
                "uuid": "6000C294-4ba4-f803-b2c1-2d6f29891d94",
                "write_through": false
              },
              {
                "attach": false,
                "controller_type": "scsi",
                "datastore_id": "datastore-1027",
                "device_address": "scsi:0:2",
                "disk_mode": "persistent",
                "disk_sharing": "sharingNone",
                "eagerly_scrub": false,
                "io_limit": -1,
                "io_reservation": 0,
                "io_share_count": 1000,
                "io_share_level": "normal",
                "keep_on_remove": false,
                "key": 2002,
                "label": "disk2",
                "name": "",
                "path": "rfc4122.0ccf9658-aea2-443f-8353-4dcdbad4cfb9/chi-btm-pwx-n0_2.vmdk",
                "size": 100,
                "storage_policy_id": "f4e5bade-15a2-4805-bf8e-52318c4ce443",
                "thin_provisioned": true,
                "unit_number": 2,
                "uuid": "6000C29f-1eff-9dad-4290-075aaaf17f84",
                "write_through": false
              },
              {
                "attach": false,
                "controller_type": "scsi",
                "datastore_id": "datastore-1027",
                "device_address": "scsi:0:3",
                "disk_mode": "persistent",
                "disk_sharing": "sharingNone",
                "eagerly_scrub": false,
                "io_limit": -1,
                "io_reservation": 0,
                "io_share_count": 1000,
                "io_share_level": "normal",
                "keep_on_remove": false,
                "key": 2003,
                "label": "disk3",
                "name": "",
                "path": "rfc4122.0ccf9658-aea2-443f-8353-4dcdbad4cfb9/chi-btm-pwx-n0_3.vmdk",
                "size": 99,
                "storage_policy_id": "f4e5bade-15a2-4805-bf8e-52318c4ce443",
                "thin_provisioned": true,
                "unit_number": 3,
                "uuid": "6000C294-cbd8-eee3-aa39-03d4d6edff5d",
                "write_through": false
              }
            ],
            "efi_secure_boot_enabled": false,
            "enable_disk_uuid": true,
            "enable_logging": false,
            "ept_rvi_mode": "automatic",
            "extra_config": {},
            "firmware": "bios",
            "folder": "chi-btm",
            "force_power_off": true,
            "guest_id": "ubuntu64Guest",
            "guest_ip_addresses": [
              "10.224.114.100",
              "fe80::250:56ff:fe9a:5218",
              "10.10.10.250",
              "fe80::250:56ff:fe9a:1ae8"
            ],
            "hardware_version": 15,
            "host_system_id": "host-1015",
            "hv_mode": "hvAuto",
            "id": "421a828b-cc05-bc07-6ce7-2a34da317b64",
            "ide_controller_count": 2,
            "ignored_guest_ips": null,
            "imported": null,
            "latency_sensitivity": "normal",
            "memory": 12288,
            "memory_hot_add_enabled": false,
            "memory_limit": -1,
            "memory_reservation": 0,
            "memory_share_count": 122880,
            "memory_share_level": "normal",
            "migrate_wait_timeout": 30,
            "moid": "vm-1397",
            "name": "chi-btm-pwx-n0",
            "nested_hv_enabled": false,
            "network_interface": [
              {
                "adapter_type": "vmxnet3",
                "bandwidth_limit": -1,
                "bandwidth_reservation": 0,
                "bandwidth_share_count": 50,
                "bandwidth_share_level": "normal",
                "device_address": "pci:0:7",
                "key": 4000,
                "mac_address": "00:50:56:9a:52:18",
                "network_id": "network-1031",
                "ovf_mapping": "",
                "use_static_mac": false
              },
              {
                "adapter_type": "vmxnet3",
                "bandwidth_limit": -1,
                "bandwidth_reservation": 0,
                "bandwidth_share_count": 50,
                "bandwidth_share_level": "normal",
                "device_address": "pci:0:8",
                "key": 4001,
                "mac_address": "00:50:56:9a:1a:e8",
                "network_id": "network-1029",
                "ovf_mapping": "",
                "use_static_mac": false
              }
            ],
            "num_cores_per_socket": 1,
            "num_cpus": 4,
            "ovf_deploy": [],
            "pci_device_id": [],
            "poweron_timeout": 300,
            "reboot_required": false,
            "resource_pool_id": "resgroup-1255",
            "run_tools_scripts_after_power_on": true,
            "run_tools_scripts_after_resume": true,
            "run_tools_scripts_before_guest_reboot": false,
            "run_tools_scripts_before_guest_shutdown": true,
            "run_tools_scripts_before_guest_standby": true,
            "sata_controller_count": 0,
            "scsi_bus_sharing": "noSharing",
            "scsi_controller_count": 1,
            "scsi_type": "pvscsi",
            "shutdown_wait_timeout": 3,
            "storage_policy_id": "f4e5bade-15a2-4805-bf8e-52318c4ce443",
            "swap_placement_policy": "inherit",
            "sync_time_with_host": false,
            "tags": [],
            "uuid": "421a828b-cc05-bc07-6ce7-2a34da317b64",
            "vapp": [],
            "vapp_transport": [],
            "vmware_tools_status": "guestToolsRunning",
            "vmx_path": "rfc4122.0ccf9658-aea2-443f-8353-4dcdbad4cfb9/chi-btm-pwx-n0.vmx",
            "wait_for_guest_ip_timeout": -1,
            "wait_for_guest_net_routable": true,
            "wait_for_guest_net_timeout": -1
          },
          "sensitive_attributes": [],
          "private": "eyJzY2hlbWFfdmVyc2lvbiI6IjMifQ==",
          "dependencies": [
            "data.vsphere_datacenter.dc",
            "data.vsphere_datastore.datastore",
            "data.vsphere_network.iscsi",
            "data.vsphere_network.public",
            "data.vsphere_resource_pool.pool1",
            "data.vsphere_virtual_machine.template"
          ]
        },
        {
          "index_key": 1,
          "schema_version": 3,
          "attributes": {
            "alternate_guest_name": "",
            "annotation": "",
            "boot_delay": 0,
            "boot_retry_delay": 10000,
            "boot_retry_enabled": false,
            "cdrom": [
              {
                "client_device": true,
                "datastore_id": "",
                "device_address": "sata:0:0",
                "key": 16000,
                "path": ""
              }
            ],
            "change_version": "2020-12-15T19:34:23.123835Z",
            "clone": [
              {
                "customize": [
                  {
                    "dns_server_list": [
                      "10.224.112.106",
                      "8.8.4.4",
                      "8.8.8.8"
                    ],
                    "dns_suffix_list": [],
                    "ipv4_gateway": "10.224.112.1",
                    "ipv6_gateway": "",
                    "linux_options": [
                      {
                        "domain": "purestorage.com",
                        "host_name": "chi-btm-pwx-n1",
                        "hw_clock_utc": true,
                        "time_zone": ""
                      }
                    ],
                    "network_interface": [
                      {
                        "dns_domain": "",
                        "dns_server_list": [],
                        "ipv4_address": "10.224.114.101",
                        "ipv4_netmask": 22,
                        "ipv6_address": "",
                        "ipv6_netmask": 0
                      },
                      {
                        "dns_domain": "",
                        "dns_server_list": [],
                        "ipv4_address": "10.10.10.251",
                        "ipv4_netmask": 24,
                        "ipv6_address": "",
                        "ipv6_netmask": 0
                      }
                    ],
                    "timeout": 10,
                    "windows_options": [],
                    "windows_sysprep_text": ""
                  }
                ],
                "linked_clone": false,
                "ovf_network_map": {},
                "ovf_storage_map": {},
                "template_uuid": "421af23b-8638-17b7-3a7d-ec04fcfa4cbe",
                "timeout": 30
              }
            ],
            "cpu_hot_add_enabled": false,
            "cpu_hot_remove_enabled": false,
            "cpu_limit": -1,
            "cpu_performance_counters_enabled": false,
            "cpu_reservation": 0,
            "cpu_share_count": 4000,
            "cpu_share_level": "normal",
            "custom_attributes": {},
            "datacenter_id": null,
            "datastore_cluster_id": null,
            "datastore_id": "datastore-1027",
            "default_ip_address": "10.224.114.101",
            "disk": [
              {
                "attach": false,
                "controller_type": "scsi",
                "datastore_id": "datastore-1027",
                "device_address": "scsi:0:0",
                "disk_mode": "persistent",
                "disk_sharing": "sharingNone",
                "eagerly_scrub": false,
                "io_limit": -1,
                "io_reservation": 0,
                "io_share_count": 1000,
                "io_share_level": "normal",
                "keep_on_remove": false,
                "key": 2000,
                "label": "disk0",
                "name": "",
                "path": "rfc4122.cbc2982e-931d-45ad-880d-2b0fead386e9/chi-btm-pwx-n1.vmdk",
                "size": 200,
                "storage_policy_id": "f4e5bade-15a2-4805-bf8e-52318c4ce443",
                "thin_provisioned": true,
                "unit_number": 0,
                "uuid": "6000C29f-2f66-4eb6-1172-41013a101eeb",
                "write_through": false
              },
              {
                "attach": false,
                "controller_type": "scsi",
                "datastore_id": "datastore-1027",
                "device_address": "scsi:0:1",
                "disk_mode": "persistent",
                "disk_sharing": "sharingNone",
                "eagerly_scrub": false,
                "io_limit": -1,
                "io_reservation": 0,
                "io_share_count": 1000,
                "io_share_level": "normal",
                "keep_on_remove": false,
                "key": 2001,
                "label": "disk1",
                "name": "",
                "path": "rfc4122.cbc2982e-931d-45ad-880d-2b0fead386e9/chi-btm-pwx-n1_1.vmdk",
                "size": 100,
                "storage_policy_id": "f4e5bade-15a2-4805-bf8e-52318c4ce443",
                "thin_provisioned": true,
                "unit_number": 1,
                "uuid": "6000C293-3e5c-88ca-ee14-30554016aaba",
                "write_through": false
              },
              {
                "attach": false,
                "controller_type": "scsi",
                "datastore_id": "datastore-1027",
                "device_address": "scsi:0:2",
                "disk_mode": "persistent",
                "disk_sharing": "sharingNone",
                "eagerly_scrub": false,
                "io_limit": -1,
                "io_reservation": 0,
                "io_share_count": 1000,
                "io_share_level": "normal",
                "keep_on_remove": false,
                "key": 2002,
                "label": "disk2",
                "name": "",
                "path": "rfc4122.cbc2982e-931d-45ad-880d-2b0fead386e9/chi-btm-pwx-n1_2.vmdk",
                "size": 100,
                "storage_policy_id": "f4e5bade-15a2-4805-bf8e-52318c4ce443",
                "thin_provisioned": true,
                "unit_number": 2,
                "uuid": "6000C29e-c418-2724-db5c-5fa8d1f96851",
                "write_through": false
              },
              {
                "attach": false,
                "controller_type": "scsi",
                "datastore_id": "datastore-1027",
                "device_address": "scsi:0:3",
                "disk_mode": "persistent",
                "disk_sharing": "sharingNone",
                "eagerly_scrub": false,
                "io_limit": -1,
                "io_reservation": 0,
                "io_share_count": 1000,
                "io_share_level": "normal",
                "keep_on_remove": false,
                "key": 2003,
                "label": "disk3",
                "name": "",
                "path": "rfc4122.cbc2982e-931d-45ad-880d-2b0fead386e9/chi-btm-pwx-n1_3.vmdk",
                "size": 99,
                "storage_policy_id": "f4e5bade-15a2-4805-bf8e-52318c4ce443",
                "thin_provisioned": true,
                "unit_number": 3,
                "uuid": "6000C29d-da60-dcf1-9472-943a84805d34",
                "write_through": false
              }
            ],
            "efi_secure_boot_enabled": false,
            "enable_disk_uuid": true,
            "enable_logging": false,
            "ept_rvi_mode": "automatic",
            "extra_config": {},
            "firmware": "bios",
            "folder": "chi-btm",
            "force_power_off": true,
            "guest_id": "ubuntu64Guest",
            "guest_ip_addresses": [
              "10.224.114.101",
              "fe80::250:56ff:fe9a:3b62",
              "10.10.10.251",
              "fe80::250:56ff:fe9a:927c"
            ],
            "hardware_version": 15,
            "host_system_id": "host-1015",
            "hv_mode": "hvAuto",
            "id": "421aced2-9390-e81b-5457-638bf90eca90",
            "ide_controller_count": 2,
            "ignored_guest_ips": null,
            "imported": null,
            "latency_sensitivity": "normal",
            "memory": 12288,
            "memory_hot_add_enabled": false,
            "memory_limit": -1,
            "memory_reservation": 0,
            "memory_share_count": 122880,
            "memory_share_level": "normal",
            "migrate_wait_timeout": 30,
            "moid": "vm-1394",
            "name": "chi-btm-pwx-n1",
            "nested_hv_enabled": false,
            "network_interface": [
              {
                "adapter_type": "vmxnet3",
                "bandwidth_limit": -1,
                "bandwidth_reservation": 0,
                "bandwidth_share_count": 50,
                "bandwidth_share_level": "normal",
                "device_address": "pci:0:7",
                "key": 4000,
                "mac_address": "00:50:56:9a:3b:62",
                "network_id": "network-1031",
                "ovf_mapping": "",
                "use_static_mac": false
              },
              {
                "adapter_type": "vmxnet3",
                "bandwidth_limit": -1,
                "bandwidth_reservation": 0,
                "bandwidth_share_count": 50,
                "bandwidth_share_level": "normal",
                "device_address": "pci:0:8",
                "key": 4001,
                "mac_address": "00:50:56:9a:92:7c",
                "network_id": "network-1029",
                "ovf_mapping": "",
                "use_static_mac": false
              }
            ],
            "num_cores_per_socket": 1,
            "num_cpus": 4,
            "ovf_deploy": [],
            "pci_device_id": [],
            "poweron_timeout": 300,
            "reboot_required": false,
            "resource_pool_id": "resgroup-1255",
            "run_tools_scripts_after_power_on": true,
            "run_tools_scripts_after_resume": true,
            "run_tools_scripts_before_guest_reboot": false,
            "run_tools_scripts_before_guest_shutdown": true,
            "run_tools_scripts_before_guest_standby": true,
            "sata_controller_count": 0,
            "scsi_bus_sharing": "noSharing",
            "scsi_controller_count": 1,
            "scsi_type": "pvscsi",
            "shutdown_wait_timeout": 3,
            "storage_policy_id": "f4e5bade-15a2-4805-bf8e-52318c4ce443",
            "swap_placement_policy": "inherit",
            "sync_time_with_host": false,
            "tags": [],
            "uuid": "421aced2-9390-e81b-5457-638bf90eca90",
            "vapp": [],
            "vapp_transport": [],
            "vmware_tools_status": "guestToolsRunning",
            "vmx_path": "rfc4122.cbc2982e-931d-45ad-880d-2b0fead386e9/chi-btm-pwx-n1.vmx",
            "wait_for_guest_ip_timeout": -1,
            "wait_for_guest_net_routable": true,
            "wait_for_guest_net_timeout": -1
          },
          "sensitive_attributes": [],
          "private": "eyJzY2hlbWFfdmVyc2lvbiI6IjMifQ==",
          "dependencies": [
            "data.vsphere_datacenter.dc",
            "data.vsphere_datastore.datastore",
            "data.vsphere_network.iscsi",
            "data.vsphere_network.public",
            "data.vsphere_resource_pool.pool1",
            "data.vsphere_virtual_machine.template"
          ]
        },
        {
          "index_key": 2,
          "schema_version": 3,
          "attributes": {
            "alternate_guest_name": "",
            "annotation": "",
            "boot_delay": 0,
            "boot_retry_delay": 10000,
            "boot_retry_enabled": false,
            "cdrom": [
              {
                "client_device": true,
                "datastore_id": "",
                "device_address": "sata:0:0",
                "key": 16000,
                "path": ""
              }
            ],
            "change_version": "2020-12-15T19:36:33.735175Z",
            "clone": [
              {
                "customize": [
                  {
                    "dns_server_list": [
                      "10.224.112.106",
                      "8.8.4.4",
                      "8.8.8.8"
                    ],
                    "dns_suffix_list": [],
                    "ipv4_gateway": "10.224.112.1",
                    "ipv6_gateway": "",
                    "linux_options": [
                      {
                        "domain": "purestorage.com",
                        "host_name": "chi-btm-pwx-n2",
                        "hw_clock_utc": true,
                        "time_zone": ""
                      }
                    ],
                    "network_interface": [
                      {
                        "dns_domain": "",
                        "dns_server_list": [],
                        "ipv4_address": "10.224.114.102",
                        "ipv4_netmask": 22,
                        "ipv6_address": "",
                        "ipv6_netmask": 0
                      },
                      {
                        "dns_domain": "",
                        "dns_server_list": [],
                        "ipv4_address": "10.10.10.252",
                        "ipv4_netmask": 24,
                        "ipv6_address": "",
                        "ipv6_netmask": 0
                      }
                    ],
                    "timeout": 10,
                    "windows_options": [],
                    "windows_sysprep_text": ""
                  }
                ],
                "linked_clone": false,
                "ovf_network_map": {},
                "ovf_storage_map": {},
                "template_uuid": "421af23b-8638-17b7-3a7d-ec04fcfa4cbe",
                "timeout": 30
              }
            ],
            "cpu_hot_add_enabled": false,
            "cpu_hot_remove_enabled": false,
            "cpu_limit": -1,
            "cpu_performance_counters_enabled": false,
            "cpu_reservation": 0,
            "cpu_share_count": 4000,
            "cpu_share_level": "normal",
            "custom_attributes": {},
            "datacenter_id": null,
            "datastore_cluster_id": null,
            "datastore_id": "datastore-1027",
            "default_ip_address": "10.224.114.102",
            "disk": [
              {
                "attach": false,
                "controller_type": "scsi",
                "datastore_id": "datastore-1027",
                "device_address": "scsi:0:0",
                "disk_mode": "persistent",
                "disk_sharing": "sharingNone",
                "eagerly_scrub": false,
                "io_limit": -1,
                "io_reservation": 0,
                "io_share_count": 1000,
                "io_share_level": "normal",
                "keep_on_remove": false,
                "key": 2000,
                "label": "disk0",
                "name": "",
                "path": "rfc4122.57556715-212f-43db-8277-b312659ed959/chi-btm-pwx-n2.vmdk",
                "size": 200,
                "storage_policy_id": "f4e5bade-15a2-4805-bf8e-52318c4ce443",
                "thin_provisioned": true,
                "unit_number": 0,
                "uuid": "6000C298-e898-8ee3-7da2-2a6bd1c5f396",
                "write_through": false
              },
              {
                "attach": false,
                "controller_type": "scsi",
                "datastore_id": "datastore-1027",
                "device_address": "scsi:0:1",
                "disk_mode": "persistent",
                "disk_sharing": "sharingNone",
                "eagerly_scrub": false,
                "io_limit": -1,
                "io_reservation": 0,
                "io_share_count": 1000,
                "io_share_level": "normal",
                "keep_on_remove": false,
                "key": 2001,
                "label": "disk1",
                "name": "",
                "path": "rfc4122.57556715-212f-43db-8277-b312659ed959/chi-btm-pwx-n2_1.vmdk",
                "size": 100,
                "storage_policy_id": "f4e5bade-15a2-4805-bf8e-52318c4ce443",
                "thin_provisioned": true,
                "unit_number": 1,
                "uuid": "6000C29c-27e6-30f2-3c73-237455f33035",
                "write_through": false
              },
              {
                "attach": false,
                "controller_type": "scsi",
                "datastore_id": "datastore-1027",
                "device_address": "scsi:0:2",
                "disk_mode": "persistent",
                "disk_sharing": "sharingNone",
                "eagerly_scrub": false,
                "io_limit": -1,
                "io_reservation": 0,
                "io_share_count": 1000,
                "io_share_level": "normal",
                "keep_on_remove": false,
                "key": 2002,
                "label": "disk2",
                "name": "",
                "path": "rfc4122.57556715-212f-43db-8277-b312659ed959/chi-btm-pwx-n2_2.vmdk",
                "size": 100,
                "storage_policy_id": "f4e5bade-15a2-4805-bf8e-52318c4ce443",
                "thin_provisioned": true,
                "unit_number": 2,
                "uuid": "6000C292-d6b5-d7cc-d204-36fb7a9a0f19",
                "write_through": false
              },
              {
                "attach": false,
                "controller_type": "scsi",
                "datastore_id": "datastore-1027",
                "device_address": "scsi:0:3",
                "disk_mode": "persistent",
                "disk_sharing": "sharingNone",
                "eagerly_scrub": false,
                "io_limit": -1,
                "io_reservation": 0,
                "io_share_count": 1000,
                "io_share_level": "normal",
                "keep_on_remove": false,
                "key": 2003,
                "label": "disk3",
                "name": "",
                "path": "rfc4122.57556715-212f-43db-8277-b312659ed959/chi-btm-pwx-n2_3.vmdk",
                "size": 99,
                "storage_policy_id": "f4e5bade-15a2-4805-bf8e-52318c4ce443",
                "thin_provisioned": true,
                "unit_number": 3,
                "uuid": "6000C294-f756-03ff-007a-3e60a91dae73",
                "write_through": false
              }
            ],
            "efi_secure_boot_enabled": false,
            "enable_disk_uuid": true,
            "enable_logging": false,
            "ept_rvi_mode": "automatic",
            "extra_config": {},
            "firmware": "bios",
            "folder": "chi-btm",
            "force_power_off": true,
            "guest_id": "ubuntu64Guest",
            "guest_ip_addresses": [
              "10.224.114.102",
              "fe80::250:56ff:fe9a:28bc",
              "10.10.10.252",
              "fe80::250:56ff:fe9a:c859"
            ],
            "hardware_version": 15,
            "host_system_id": "host-1018",
            "hv_mode": "hvAuto",
            "id": "421ab47e-6bb3-b84f-9320-ecfc9f1be4de",
            "ide_controller_count": 2,
            "ignored_guest_ips": null,
            "imported": null,
            "latency_sensitivity": "normal",
            "memory": 12288,
            "memory_hot_add_enabled": false,
            "memory_limit": -1,
            "memory_reservation": 0,
            "memory_share_count": 122880,
            "memory_share_level": "normal",
            "migrate_wait_timeout": 30,
            "moid": "vm-1395",
            "name": "chi-btm-pwx-n2",
            "nested_hv_enabled": false,
            "network_interface": [
              {
                "adapter_type": "vmxnet3",
                "bandwidth_limit": -1,
                "bandwidth_reservation": 0,
                "bandwidth_share_count": 50,
                "bandwidth_share_level": "normal",
                "device_address": "pci:0:7",
                "key": 4000,
                "mac_address": "00:50:56:9a:28:bc",
                "network_id": "network-1031",
                "ovf_mapping": "",
                "use_static_mac": false
              },
              {
                "adapter_type": "vmxnet3",
                "bandwidth_limit": -1,
                "bandwidth_reservation": 0,
                "bandwidth_share_count": 50,
                "bandwidth_share_level": "normal",
                "device_address": "pci:0:8",
                "key": 4001,
                "mac_address": "00:50:56:9a:c8:59",
                "network_id": "network-1029",
                "ovf_mapping": "",
                "use_static_mac": false
              }
            ],
            "num_cores_per_socket": 1,
            "num_cpus": 4,
            "ovf_deploy": [],
            "pci_device_id": [],
            "poweron_timeout": 300,
            "reboot_required": false,
            "resource_pool_id": "resgroup-1255",
            "run_tools_scripts_after_power_on": true,
            "run_tools_scripts_after_resume": true,
            "run_tools_scripts_before_guest_reboot": false,
            "run_tools_scripts_before_guest_shutdown": true,
            "run_tools_scripts_before_guest_standby": true,
            "sata_controller_count": 0,
            "scsi_bus_sharing": "noSharing",
            "scsi_controller_count": 1,
            "scsi_type": "pvscsi",
            "shutdown_wait_timeout": 3,
            "storage_policy_id": "f4e5bade-15a2-4805-bf8e-52318c4ce443",
            "swap_placement_policy": "inherit",
            "sync_time_with_host": false,
            "tags": [],
            "uuid": "421ab47e-6bb3-b84f-9320-ecfc9f1be4de",
            "vapp": [],
            "vapp_transport": [],
            "vmware_tools_status": "guestToolsRunning",
            "vmx_path": "rfc4122.57556715-212f-43db-8277-b312659ed959/chi-btm-pwx-n2.vmx",
            "wait_for_guest_ip_timeout": -1,
            "wait_for_guest_net_routable": true,
            "wait_for_guest_net_timeout": -1
          },
          "sensitive_attributes": [],
          "private": "eyJzY2hlbWFfdmVyc2lvbiI6IjMifQ==",
          "dependencies": [
            "data.vsphere_datacenter.dc",
            "data.vsphere_datastore.datastore",
            "data.vsphere_network.iscsi",
            "data.vsphere_network.public",
            "data.vsphere_resource_pool.pool1",
            "data.vsphere_virtual_machine.template"
          ]
        },
        {
          "index_key": 3,
          "schema_version": 3,
          "attributes": {
            "alternate_guest_name": "",
            "annotation": "",
            "boot_delay": 0,
            "boot_retry_delay": 10000,
            "boot_retry_enabled": false,
            "cdrom": [
              {
                "client_device": true,
                "datastore_id": "",
                "device_address": "sata:0:0",
                "key": 16000,
                "path": ""
              }
            ],
            "change_version": "2020-12-15T19:36:35.347274Z",
            "clone": [
              {
                "customize": [
                  {
                    "dns_server_list": [
                      "10.224.112.106",
                      "8.8.4.4",
                      "8.8.8.8"
                    ],
                    "dns_suffix_list": [],
                    "ipv4_gateway": "10.224.112.1",
                    "ipv6_gateway": "",
                    "linux_options": [
                      {
                        "domain": "purestorage.com",
                        "host_name": "chi-btm-pwx-n3",
                        "hw_clock_utc": true,
                        "time_zone": ""
                      }
                    ],
                    "network_interface": [
                      {
                        "dns_domain": "",
                        "dns_server_list": [],
                        "ipv4_address": "10.224.114.103",
                        "ipv4_netmask": 22,
                        "ipv6_address": "",
                        "ipv6_netmask": 0
                      },
                      {
                        "dns_domain": "",
                        "dns_server_list": [],
                        "ipv4_address": "10.10.10.253",
                        "ipv4_netmask": 24,
                        "ipv6_address": "",
                        "ipv6_netmask": 0
                      }
                    ],
                    "timeout": 10,
                    "windows_options": [],
                    "windows_sysprep_text": ""
                  }
                ],
                "linked_clone": false,
                "ovf_network_map": {},
                "ovf_storage_map": {},
                "template_uuid": "421af23b-8638-17b7-3a7d-ec04fcfa4cbe",
                "timeout": 30
              }
            ],
            "cpu_hot_add_enabled": false,
            "cpu_hot_remove_enabled": false,
            "cpu_limit": -1,
            "cpu_performance_counters_enabled": false,
            "cpu_reservation": 0,
            "cpu_share_count": 4000,
            "cpu_share_level": "normal",
            "custom_attributes": {},
            "datacenter_id": null,
            "datastore_cluster_id": null,
            "datastore_id": "datastore-1027",
            "default_ip_address": "10.224.114.103",
            "disk": [
              {
                "attach": false,
                "controller_type": "scsi",
                "datastore_id": "datastore-1027",
                "device_address": "scsi:0:0",
                "disk_mode": "persistent",
                "disk_sharing": "sharingNone",
                "eagerly_scrub": false,
                "io_limit": -1,
                "io_reservation": 0,
                "io_share_count": 1000,
                "io_share_level": "normal",
                "keep_on_remove": false,
                "key": 2000,
                "label": "disk0",
                "name": "",
                "path": "rfc4122.a5a17b26-3c85-476f-a28f-e7981da998c7/chi-btm-pwx-n3.vmdk",
                "size": 200,
                "storage_policy_id": "f4e5bade-15a2-4805-bf8e-52318c4ce443",
                "thin_provisioned": true,
                "unit_number": 0,
                "uuid": "6000C298-5a5d-5931-1187-a9ea6ae21739",
                "write_through": false
              },
              {
                "attach": false,
                "controller_type": "scsi",
                "datastore_id": "datastore-1027",
                "device_address": "scsi:0:1",
                "disk_mode": "persistent",
                "disk_sharing": "sharingNone",
                "eagerly_scrub": false,
                "io_limit": -1,
                "io_reservation": 0,
                "io_share_count": 1000,
                "io_share_level": "normal",
                "keep_on_remove": false,
                "key": 2001,
                "label": "disk1",
                "name": "",
                "path": "rfc4122.a5a17b26-3c85-476f-a28f-e7981da998c7/chi-btm-pwx-n3_1.vmdk",
                "size": 100,
                "storage_policy_id": "f4e5bade-15a2-4805-bf8e-52318c4ce443",
                "thin_provisioned": true,
                "unit_number": 1,
                "uuid": "6000C29b-a8f1-88bf-dd88-5e96e4d30ed3",
                "write_through": false
              },
              {
                "attach": false,
                "controller_type": "scsi",
                "datastore_id": "datastore-1027",
                "device_address": "scsi:0:2",
                "disk_mode": "persistent",
                "disk_sharing": "sharingNone",
                "eagerly_scrub": false,
                "io_limit": -1,
                "io_reservation": 0,
                "io_share_count": 1000,
                "io_share_level": "normal",
                "keep_on_remove": false,
                "key": 2002,
                "label": "disk2",
                "name": "",
                "path": "rfc4122.a5a17b26-3c85-476f-a28f-e7981da998c7/chi-btm-pwx-n3_2.vmdk",
                "size": 100,
                "storage_policy_id": "f4e5bade-15a2-4805-bf8e-52318c4ce443",
                "thin_provisioned": true,
                "unit_number": 2,
                "uuid": "6000C29d-82d2-23b6-a4f1-9f6c08af2b24",
                "write_through": false
              },
              {
                "attach": false,
                "controller_type": "scsi",
                "datastore_id": "datastore-1027",
                "device_address": "scsi:0:3",
                "disk_mode": "persistent",
                "disk_sharing": "sharingNone",
                "eagerly_scrub": false,
                "io_limit": -1,
                "io_reservation": 0,
                "io_share_count": 1000,
                "io_share_level": "normal",
                "keep_on_remove": false,
                "key": 2003,
                "label": "disk3",
                "name": "",
                "path": "rfc4122.a5a17b26-3c85-476f-a28f-e7981da998c7/chi-btm-pwx-n3_3.vmdk",
                "size": 99,
                "storage_policy_id": "f4e5bade-15a2-4805-bf8e-52318c4ce443",
                "thin_provisioned": true,
                "unit_number": 3,
                "uuid": "6000C299-24f8-0b01-00fe-9fcaa55c440e",
                "write_through": false
              }
            ],
            "efi_secure_boot_enabled": false,
            "enable_disk_uuid": true,
            "enable_logging": false,
            "ept_rvi_mode": "automatic",
            "extra_config": {},
            "firmware": "bios",
            "folder": "chi-btm",
            "force_power_off": true,
            "guest_id": "ubuntu64Guest",
            "guest_ip_addresses": [
              "10.224.114.103",
              "fe80::250:56ff:fe9a:a1f4",
              "10.10.10.253",
              "fe80::250:56ff:fe9a:87e3"
            ],
            "hardware_version": 15,
            "host_system_id": "host-1012",
            "hv_mode": "hvAuto",
            "id": "421ab8b1-d959-2583-a502-a6a7dd8e029b",
            "ide_controller_count": 2,
            "ignored_guest_ips": null,
            "imported": null,
            "latency_sensitivity": "normal",
            "memory": 12288,
            "memory_hot_add_enabled": false,
            "memory_limit": -1,
            "memory_reservation": 0,
            "memory_share_count": 122880,
            "memory_share_level": "normal",
            "migrate_wait_timeout": 30,
            "moid": "vm-1396",
            "name": "chi-btm-pwx-n3",
            "nested_hv_enabled": false,
            "network_interface": [
              {
                "adapter_type": "vmxnet3",
                "bandwidth_limit": -1,
                "bandwidth_reservation": 0,
                "bandwidth_share_count": 50,
                "bandwidth_share_level": "normal",
                "device_address": "pci:0:7",
                "key": 4000,
                "mac_address": "00:50:56:9a:a1:f4",
                "network_id": "network-1031",
                "ovf_mapping": "",
                "use_static_mac": false
              },
              {
                "adapter_type": "vmxnet3",
                "bandwidth_limit": -1,
                "bandwidth_reservation": 0,
                "bandwidth_share_count": 50,
                "bandwidth_share_level": "normal",
                "device_address": "pci:0:8",
                "key": 4001,
                "mac_address": "00:50:56:9a:87:e3",
                "network_id": "network-1029",
                "ovf_mapping": "",
                "use_static_mac": false
              }
            ],
            "num_cores_per_socket": 1,
            "num_cpus": 4,
            "ovf_deploy": [],
            "pci_device_id": [],
            "poweron_timeout": 300,
            "reboot_required": false,
            "resource_pool_id": "resgroup-1255",
            "run_tools_scripts_after_power_on": true,
            "run_tools_scripts_after_resume": true,
            "run_tools_scripts_before_guest_reboot": false,
            "run_tools_scripts_before_guest_shutdown": true,
            "run_tools_scripts_before_guest_standby": true,
            "sata_controller_count": 0,
            "scsi_bus_sharing": "noSharing",
            "scsi_controller_count": 1,
            "scsi_type": "pvscsi",
            "shutdown_wait_timeout": 3,
            "storage_policy_id": "f4e5bade-15a2-4805-bf8e-52318c4ce443",
            "swap_placement_policy": "inherit",
            "sync_time_with_host": false,
            "tags": [],
            "uuid": "421ab8b1-d959-2583-a502-a6a7dd8e029b",
            "vapp": [],
            "vapp_transport": [],
            "vmware_tools_status": "guestToolsRunning",
            "vmx_path": "rfc4122.a5a17b26-3c85-476f-a28f-e7981da998c7/chi-btm-pwx-n3.vmx",
            "wait_for_guest_ip_timeout": -1,
            "wait_for_guest_net_routable": true,
            "wait_for_guest_net_timeout": -1
          },
          "sensitive_attributes": [],
          "private": "eyJzY2hlbWFfdmVyc2lvbiI6IjMifQ==",
          "dependencies": [
            "data.vsphere_datacenter.dc",
            "data.vsphere_datastore.datastore",
            "data.vsphere_network.iscsi",
            "data.vsphere_network.public",
            "data.vsphere_resource_pool.pool1",
            "data.vsphere_virtual_machine.template"
          ]
        },
        {
          "index_key": 4,
          "schema_version": 3,
          "attributes": {
            "alternate_guest_name": "",
            "annotation": "",
            "boot_delay": 0,
            "boot_retry_delay": 10000,
            "boot_retry_enabled": false,
            "cdrom": [
              {
                "client_device": true,
                "datastore_id": "",
                "device_address": "sata:0:0",
                "key": 16000,
                "path": ""
              }
            ],
            "change_version": "2020-12-15T19:36:34.662583Z",
            "clone": [
              {
                "customize": [
                  {
                    "dns_server_list": [
                      "10.224.112.106",
                      "8.8.4.4",
                      "8.8.8.8"
                    ],
                    "dns_suffix_list": [],
                    "ipv4_gateway": "10.224.112.1",
                    "ipv6_gateway": "",
                    "linux_options": [
                      {
                        "domain": "purestorage.com",
                        "host_name": "chi-btm-pwx-n4",
                        "hw_clock_utc": true,
                        "time_zone": ""
                      }
                    ],
                    "network_interface": [
                      {
                        "dns_domain": "",
                        "dns_server_list": [],
                        "ipv4_address": "10.224.114.104",
                        "ipv4_netmask": 22,
                        "ipv6_address": "",
                        "ipv6_netmask": 0
                      },
                      {
                        "dns_domain": "",
                        "dns_server_list": [],
                        "ipv4_address": "10.10.10.254",
                        "ipv4_netmask": 24,
                        "ipv6_address": "",
                        "ipv6_netmask": 0
                      }
                    ],
                    "timeout": 10,
                    "windows_options": [],
                    "windows_sysprep_text": ""
                  }
                ],
                "linked_clone": false,
                "ovf_network_map": {},
                "ovf_storage_map": {},
                "template_uuid": "421af23b-8638-17b7-3a7d-ec04fcfa4cbe",
                "timeout": 30
              }
            ],
            "cpu_hot_add_enabled": false,
            "cpu_hot_remove_enabled": false,
            "cpu_limit": -1,
            "cpu_performance_counters_enabled": false,
            "cpu_reservation": 0,
            "cpu_share_count": 4000,
            "cpu_share_level": "normal",
            "custom_attributes": {},
            "datacenter_id": null,
            "datastore_cluster_id": null,
            "datastore_id": "datastore-1027",
            "default_ip_address": "10.224.114.104",
            "disk": [
              {
                "attach": false,
                "controller_type": "scsi",
                "datastore_id": "datastore-1027",
                "device_address": "scsi:0:0",
                "disk_mode": "persistent",
                "disk_sharing": "sharingNone",
                "eagerly_scrub": false,
                "io_limit": -1,
                "io_reservation": 0,
                "io_share_count": 1000,
                "io_share_level": "normal",
                "keep_on_remove": false,
                "key": 2000,
                "label": "disk0",
                "name": "",
                "path": "rfc4122.b688e1c3-0c8a-4d90-a3c1-97e796b54aa7/chi-btm-pwx-n4.vmdk",
                "size": 200,
                "storage_policy_id": "f4e5bade-15a2-4805-bf8e-52318c4ce443",
                "thin_provisioned": true,
                "unit_number": 0,
                "uuid": "6000C291-19dc-a622-fe1a-d3526075442b",
                "write_through": false
              },
              {
                "attach": false,
                "controller_type": "scsi",
                "datastore_id": "datastore-1027",
                "device_address": "scsi:0:1",
                "disk_mode": "persistent",
                "disk_sharing": "sharingNone",
                "eagerly_scrub": false,
                "io_limit": -1,
                "io_reservation": 0,
                "io_share_count": 1000,
                "io_share_level": "normal",
                "keep_on_remove": false,
                "key": 2001,
                "label": "disk1",
                "name": "",
                "path": "rfc4122.b688e1c3-0c8a-4d90-a3c1-97e796b54aa7/chi-btm-pwx-n4_1.vmdk",
                "size": 100,
                "storage_policy_id": "f4e5bade-15a2-4805-bf8e-52318c4ce443",
                "thin_provisioned": true,
                "unit_number": 1,
                "uuid": "6000C299-7a43-1718-26e4-adf289f5ea46",
                "write_through": false
              },
              {
                "attach": false,
                "controller_type": "scsi",
                "datastore_id": "datastore-1027",
                "device_address": "scsi:0:2",
                "disk_mode": "persistent",
                "disk_sharing": "sharingNone",
                "eagerly_scrub": false,
                "io_limit": -1,
                "io_reservation": 0,
                "io_share_count": 1000,
                "io_share_level": "normal",
                "keep_on_remove": false,
                "key": 2002,
                "label": "disk2",
                "name": "",
                "path": "rfc4122.b688e1c3-0c8a-4d90-a3c1-97e796b54aa7/chi-btm-pwx-n4_2.vmdk",
                "size": 100,
                "storage_policy_id": "f4e5bade-15a2-4805-bf8e-52318c4ce443",
                "thin_provisioned": true,
                "unit_number": 2,
                "uuid": "6000C29e-f5a6-a542-285f-2d05fbf5f67a",
                "write_through": false
              },
              {
                "attach": false,
                "controller_type": "scsi",
                "datastore_id": "datastore-1027",
                "device_address": "scsi:0:3",
                "disk_mode": "persistent",
                "disk_sharing": "sharingNone",
                "eagerly_scrub": false,
                "io_limit": -1,
                "io_reservation": 0,
                "io_share_count": 1000,
                "io_share_level": "normal",
                "keep_on_remove": false,
                "key": 2003,
                "label": "disk3",
                "name": "",
                "path": "rfc4122.b688e1c3-0c8a-4d90-a3c1-97e796b54aa7/chi-btm-pwx-n4_3.vmdk",
                "size": 99,
                "storage_policy_id": "f4e5bade-15a2-4805-bf8e-52318c4ce443",
                "thin_provisioned": true,
                "unit_number": 3,
                "uuid": "6000C29a-0a4a-8837-d160-f900b7abe044",
                "write_through": false
              }
            ],
            "efi_secure_boot_enabled": false,
            "enable_disk_uuid": true,
            "enable_logging": false,
            "ept_rvi_mode": "automatic",
            "extra_config": {},
            "firmware": "bios",
            "folder": "chi-btm",
            "force_power_off": true,
            "guest_id": "ubuntu64Guest",
            "guest_ip_addresses": [
              "10.224.114.104",
              "fe80::250:56ff:fe9a:3305",
              "10.10.10.254",
              "fe80::250:56ff:fe9a:2f56"
            ],
            "hardware_version": 15,
            "host_system_id": "host-1012",
            "hv_mode": "hvAuto",
            "id": "421ad00a-b0ef-8d98-8937-d00d0b6cbadc",
            "ide_controller_count": 2,
            "ignored_guest_ips": null,
            "imported": null,
            "latency_sensitivity": "normal",
            "memory": 12288,
            "memory_hot_add_enabled": false,
            "memory_limit": -1,
            "memory_reservation": 0,
            "memory_share_count": 122880,
            "memory_share_level": "normal",
            "migrate_wait_timeout": 30,
            "moid": "vm-1393",
            "name": "chi-btm-pwx-n4",
            "nested_hv_enabled": false,
            "network_interface": [
              {
                "adapter_type": "vmxnet3",
                "bandwidth_limit": -1,
                "bandwidth_reservation": 0,
                "bandwidth_share_count": 50,
                "bandwidth_share_level": "normal",
                "device_address": "pci:0:7",
                "key": 4000,
                "mac_address": "00:50:56:9a:33:05",
                "network_id": "network-1031",
                "ovf_mapping": "",
                "use_static_mac": false
              },
              {
                "adapter_type": "vmxnet3",
                "bandwidth_limit": -1,
                "bandwidth_reservation": 0,
                "bandwidth_share_count": 50,
                "bandwidth_share_level": "normal",
                "device_address": "pci:0:8",
                "key": 4001,
                "mac_address": "00:50:56:9a:2f:56",
                "network_id": "network-1029",
                "ovf_mapping": "",
                "use_static_mac": false
              }
            ],
            "num_cores_per_socket": 1,
            "num_cpus": 4,
            "ovf_deploy": [],
            "pci_device_id": [],
            "poweron_timeout": 300,
            "reboot_required": false,
            "resource_pool_id": "resgroup-1255",
            "run_tools_scripts_after_power_on": true,
            "run_tools_scripts_after_resume": true,
            "run_tools_scripts_before_guest_reboot": false,
            "run_tools_scripts_before_guest_shutdown": true,
            "run_tools_scripts_before_guest_standby": true,
            "sata_controller_count": 0,
            "scsi_bus_sharing": "noSharing",
            "scsi_controller_count": 1,
            "scsi_type": "pvscsi",
            "shutdown_wait_timeout": 3,
            "storage_policy_id": "f4e5bade-15a2-4805-bf8e-52318c4ce443",
            "swap_placement_policy": "inherit",
            "sync_time_with_host": false,
            "tags": [],
            "uuid": "421ad00a-b0ef-8d98-8937-d00d0b6cbadc",
            "vapp": [],
            "vapp_transport": [],
            "vmware_tools_status": "guestToolsRunning",
            "vmx_path": "rfc4122.b688e1c3-0c8a-4d90-a3c1-97e796b54aa7/chi-btm-pwx-n4.vmx",
            "wait_for_guest_ip_timeout": -1,
            "wait_for_guest_net_routable": true,
            "wait_for_guest_net_timeout": -1
          },
          "sensitive_attributes": [],
          "private": "eyJzY2hlbWFfdmVyc2lvbiI6IjMifQ==",
          "dependencies": [
            "data.vsphere_datacenter.dc",
            "data.vsphere_datastore.datastore",
            "data.vsphere_network.iscsi",
            "data.vsphere_network.public",
            "data.vsphere_resource_pool.pool1",
            "data.vsphere_virtual_machine.template"
          ]
        }
      ]
    }
  ]
}
