{
  "version": 4,
  "terraform_version": "0.14.2",
  "serial": 135,
  "lineage": "cf7cebc6-5051-3a62-7e54-5f98b12719a1",
  "outputs": {},
  "resources": [
    {
      "mode": "data",
      "type": "vsphere_datacenter",
      "name": "dc",
      "provider": "provider[\"registry.terraform.io/hashicorp/vsphere\"]",
      "instances": [
        {
          "schema_version": 0,
          "attributes": {
            "id": "datacenter-1001",
            "name": "Chicago"
          },
          "sensitive_attributes": []
        }
      ]
    },
    {
      "mode": "data",
      "type": "vsphere_datastore",
      "name": "datastore",
      "provider": "provider[\"registry.terraform.io/hashicorp/vsphere\"]",
      "instances": [
        {
          "schema_version": 0,
          "attributes": {
            "datacenter_id": "datacenter-1001",
            "id": "datastore-1027",
            "name": "chi-fs-vvol"
          },
          "sensitive_attributes": []
        }
      ]
    },
    {
      "mode": "data",
      "type": "vsphere_network",
      "name": "iscsi",
      "provider": "provider[\"registry.terraform.io/hashicorp/vsphere\"]",
      "instances": [
        {
          "schema_version": 0,
          "attributes": {
            "datacenter_id": "datacenter-1001",
            "distributed_virtual_switch_uuid": null,
            "id": "network-1029",
            "name": "privatevlan",
            "type": "Network"
          },
          "sensitive_attributes": []
        }
      ]
    },
    {
      "mode": "data",
      "type": "vsphere_network",
      "name": "public",
      "provider": "provider[\"registry.terraform.io/hashicorp/vsphere\"]",
      "instances": [
        {
          "schema_version": 0,
          "attributes": {
            "datacenter_id": "datacenter-1001",
            "distributed_virtual_switch_uuid": null,
            "id": "network-1031",
            "name": "VLAN112",
            "type": "Network"
          },
          "sensitive_attributes": []
        }
      ]
    },
    {
      "mode": "data",
      "type": "vsphere_resource_pool",
      "name": "pool1",
      "provider": "provider[\"registry.terraform.io/hashicorp/vsphere\"]",
      "instances": [
        {
          "schema_version": 0,
          "attributes": {
            "datacenter_id": "datacenter-1001",
            "id": "resgroup-1255",
            "name": "bm-rp"
          },
          "sensitive_attributes": []
        }
      ]
    },
    {
      "mode": "data",
      "type": "vsphere_virtual_machine",
      "name": "template",
      "provider": "provider[\"registry.terraform.io/hashicorp/vsphere\"]",
      "instances": [
        {
          "schema_version": 0,
          "attributes": {
            "alternate_guest_name": "",
            "annotation": "",
            "boot_delay": 0,
            "boot_retry_delay": 10000,
            "boot_retry_enabled": false,
            "change_version": "2020-12-02T22:35:37.616231Z",
            "cpu_hot_add_enabled": false,
            "cpu_hot_remove_enabled": false,
            "cpu_limit": -1,
            "cpu_performance_counters_enabled": false,
            "cpu_reservation": 0,
            "cpu_share_count": 4000,
            "cpu_share_level": "normal",
            "datacenter_id": "datacenter-1001",
            "disks": [
              {
                "eagerly_scrub": false,
                "label": "Hard disk 1",
                "size": 200,
                "thin_provisioned": true,
                "unit_number": 0
              }
            ],
            "efi_secure_boot_enabled": false,
            "enable_disk_uuid": false,
            "enable_logging": true,
            "ept_rvi_mode": "automatic",
            "extra_config": {},
            "firmware": "bios",
            "guest_id": "ubuntu64Guest",
            "guest_ip_addresses": [],
            "hardware_version": 15,
            "hv_mode": "hvAuto",
            "id": "421af23b-8638-17b7-3a7d-ec04fcfa4cbe",
            "ide_controller_scan_count": 2,
            "latency_sensitivity": "normal",
            "memory": 16384,
            "memory_hot_add_enabled": false,
            "memory_limit": -1,
            "memory_reservation": 0,
            "memory_share_count": 163840,
            "memory_share_level": "normal",
            "name": "chi-template-ubuntu20.04-clean",
            "nested_hv_enabled": false,
            "network_interface_types": [
              "vmxnet3",
              "vmxnet3"
            ],
            "num_cores_per_socket": 1,
            "num_cpus": 4,
            "run_tools_scripts_after_power_on": true,
            "run_tools_scripts_after_resume": true,
            "run_tools_scripts_before_guest_reboot": false,
            "run_tools_scripts_before_guest_shutdown": true,
            "run_tools_scripts_before_guest_standby": true,
            "sata_controller_scan_count": 0,
            "scsi_bus_sharing": "noSharing",
            "scsi_controller_scan_count": 1,
            "scsi_type": "pvscsi",
            "storage_policy_id": null,
            "swap_placement_policy": "inherit",
            "sync_time_with_host": true,
            "uuid": "421af23b-8638-17b7-3a7d-ec04fcfa4cbe",
            "vapp": null,
            "vapp_transport": []
          },
          "sensitive_attributes": []
        }
      ]
    },
    {
      "mode": "managed",
      "type": "vsphere_virtual_machine",
      "name": "vm",
      "provider": "provider[\"registry.terraform.io/hashicorp/vsphere\"]",
      "instances": [
        {
          "index_key": 0,
          "schema_version": 3,
          "attributes": {
            "alternate_guest_name": "",
            "annotation": "",
            "boot_delay": 0,
            "boot_retry_delay": 10000,
            "boot_retry_enabled": false,
            "cdrom": [
              {
                "client_device": true,
                "datastore_id": "",
                "device_address": "sata:0:0",
                "key": 16000,
                "path": ""
              }
            ],
            "change_version": "2021-01-11T22:27:29.720019Z",
            "clone": [
              {
                "customize": [
                  {
                    "dns_server_list": [
                      "10.224.112.106",
                      "8.8.4.4",
                      "8.8.8.8"
                    ],
                    "dns_suffix_list": null,
                    "ipv4_gateway": "10.224.112.1",
                    "ipv6_gateway": "",
                    "linux_options": [
                      {
                        "domain": "purestorage.com",
                        "host_name": "chi-btm-pwx-n0",
                        "hw_clock_utc": true,
                        "time_zone": ""
                      }
                    ],
                    "network_interface": [
                      {
                        "dns_domain": "",
                        "dns_server_list": null,
                        "ipv4_address": "10.224.114.100",
                        "ipv4_netmask": 22,
                        "ipv6_address": "",
                        "ipv6_netmask": 0
                      },
                      {
                        "dns_domain": "",
                        "dns_server_list": null,
                        "ipv4_address": "10.10.10.250",
                        "ipv4_netmask": 24,
                        "ipv6_address": "",
                        "ipv6_netmask": 0
                      }
                    ],
                    "timeout": 10,
                    "windows_options": [],
                    "windows_sysprep_text": ""
                  }
                ],
                "linked_clone": false,
                "ovf_network_map": null,
                "ovf_storage_map": null,
                "template_uuid": "421af23b-8638-17b7-3a7d-ec04fcfa4cbe",
                "timeout": 30
              }
            ],
            "cpu_hot_add_enabled": false,
            "cpu_hot_remove_enabled": false,
            "cpu_limit": -1,
            "cpu_performance_counters_enabled": false,
            "cpu_reservation": 0,
            "cpu_share_count": 4000,
            "cpu_share_level": "normal",
            "custom_attributes": null,
            "datacenter_id": null,
            "datastore_cluster_id": null,
            "datastore_id": "datastore-1027",
            "default_ip_address": null,
            "disk": [
              {
                "attach": false,
                "controller_type": "scsi",
                "datastore_id": "datastore-1027",
                "device_address": "scsi:0:0",
                "disk_mode": "persistent",
                "disk_sharing": "sharingNone",
                "eagerly_scrub": false,
                "io_limit": -1,
                "io_reservation": 0,
                "io_share_count": 1000,
                "io_share_level": "normal",
                "keep_on_remove": false,
                "key": 2000,
                "label": "disk0",
                "name": "",
                "path": "rfc4122.2ae92037-3681-4557-b6f0-da624a014bb3/chi-btm-pwx-n0.vmdk",
                "size": 200,
                "storage_policy_id": "f4e5bade-15a2-4805-bf8e-52318c4ce443",
                "thin_provisioned": true,
                "unit_number": 0,
                "uuid": "6000C299-3160-f0b5-1573-631514b484bf",
                "write_through": false
              },
              {
                "attach": false,
                "controller_type": "scsi",
                "datastore_id": "datastore-1027",
                "device_address": "scsi:0:1",
                "disk_mode": "persistent",
                "disk_sharing": "sharingNone",
                "eagerly_scrub": false,
                "io_limit": -1,
                "io_reservation": 0,
                "io_share_count": 1000,
                "io_share_level": "normal",
                "keep_on_remove": false,
                "key": 2001,
                "label": "disk1",
                "name": "",
                "path": "rfc4122.2ae92037-3681-4557-b6f0-da624a014bb3/chi-btm-pwx-n0_1.vmdk",
                "size": 100,
                "storage_policy_id": "f4e5bade-15a2-4805-bf8e-52318c4ce443",
                "thin_provisioned": true,
                "unit_number": 1,
                "uuid": "6000C29f-7225-7676-10c0-787e418c765d",
                "write_through": false
              },
              {
                "attach": false,
                "controller_type": "scsi",
                "datastore_id": "datastore-1027",
                "device_address": "scsi:0:2",
                "disk_mode": "persistent",
                "disk_sharing": "sharingNone",
                "eagerly_scrub": false,
                "io_limit": -1,
                "io_reservation": 0,
                "io_share_count": 1000,
                "io_share_level": "normal",
                "keep_on_remove": false,
                "key": 2002,
                "label": "disk2",
                "name": "",
                "path": "rfc4122.2ae92037-3681-4557-b6f0-da624a014bb3/chi-btm-pwx-n0_2.vmdk",
                "size": 100,
                "storage_policy_id": "f4e5bade-15a2-4805-bf8e-52318c4ce443",
                "thin_provisioned": true,
                "unit_number": 2,
                "uuid": "6000C29a-adb0-d986-b466-8466be96b1d3",
                "write_through": false
              },
              {
                "attach": false,
                "controller_type": "scsi",
                "datastore_id": "datastore-1027",
                "device_address": "scsi:0:3",
                "disk_mode": "persistent",
                "disk_sharing": "sharingNone",
                "eagerly_scrub": false,
                "io_limit": -1,
                "io_reservation": 0,
                "io_share_count": 1000,
                "io_share_level": "normal",
                "keep_on_remove": false,
                "key": 2003,
                "label": "disk3",
                "name": "",
                "path": "rfc4122.2ae92037-3681-4557-b6f0-da624a014bb3/chi-btm-pwx-n0_3.vmdk",
                "size": 99,
                "storage_policy_id": "f4e5bade-15a2-4805-bf8e-52318c4ce443",
                "thin_provisioned": true,
                "unit_number": 3,
                "uuid": "6000C29e-8218-778c-ac96-eb4feeb38a6c",
                "write_through": false
              }
            ],
            "efi_secure_boot_enabled": false,
            "enable_disk_uuid": true,
            "enable_logging": false,
            "ept_rvi_mode": "automatic",
            "extra_config": null,
            "firmware": "bios",
            "folder": "chi-btm",
            "force_power_off": true,
            "guest_id": "ubuntu64Guest",
            "guest_ip_addresses": [],
            "hardware_version": 15,
            "host_system_id": "host-1015",
            "hv_mode": "hvAuto",
            "id": "421a75da-f557-64a1-e9e0-344ed0fc62db",
            "ide_controller_count": 2,
            "ignored_guest_ips": null,
            "imported": null,
            "latency_sensitivity": "normal",
            "memory": 12288,
            "memory_hot_add_enabled": false,
            "memory_limit": -1,
            "memory_reservation": 0,
            "memory_share_count": 122880,
            "memory_share_level": "normal",
            "migrate_wait_timeout": 30,
            "moid": "vm-2258",
            "name": "chi-btm-pwx-n0",
            "nested_hv_enabled": false,
            "network_interface": [
              {
                "adapter_type": "vmxnet3",
                "bandwidth_limit": -1,
                "bandwidth_reservation": 0,
                "bandwidth_share_count": 50,
                "bandwidth_share_level": "normal",
                "device_address": "pci:0:7",
                "key": 4000,
                "mac_address": "00:50:56:9a:3e:d2",
                "network_id": "network-1031",
                "ovf_mapping": "",
                "use_static_mac": false
              },
              {
                "adapter_type": "vmxnet3",
                "bandwidth_limit": -1,
                "bandwidth_reservation": 0,
                "bandwidth_share_count": 50,
                "bandwidth_share_level": "normal",
                "device_address": "pci:0:8",
                "key": 4001,
                "mac_address": "00:50:56:9a:da:a4",
                "network_id": "network-1029",
                "ovf_mapping": "",
                "use_static_mac": false
              }
            ],
            "num_cores_per_socket": 1,
            "num_cpus": 4,
            "ovf_deploy": [],
            "pci_device_id": null,
            "poweron_timeout": 300,
            "reboot_required": false,
            "resource_pool_id": "resgroup-1255",
            "run_tools_scripts_after_power_on": true,
            "run_tools_scripts_after_resume": true,
            "run_tools_scripts_before_guest_reboot": false,
            "run_tools_scripts_before_guest_shutdown": true,
            "run_tools_scripts_before_guest_standby": true,
            "sata_controller_count": 0,
            "scsi_bus_sharing": "noSharing",
            "scsi_controller_count": 1,
            "scsi_type": "pvscsi",
            "shutdown_wait_timeout": 3,
            "storage_policy_id": "f4e5bade-15a2-4805-bf8e-52318c4ce443",
            "swap_placement_policy": "inherit",
            "sync_time_with_host": false,
            "tags": null,
            "uuid": "421a75da-f557-64a1-e9e0-344ed0fc62db",
            "vapp": [],
            "vapp_transport": [],
            "vmware_tools_status": "guestToolsRunning",
            "vmx_path": "rfc4122.2ae92037-3681-4557-b6f0-da624a014bb3/chi-btm-pwx-n0.vmx",
            "wait_for_guest_ip_timeout": -1,
            "wait_for_guest_net_routable": true,
            "wait_for_guest_net_timeout": -1
          },
          "sensitive_attributes": [],
          "private": "eyJzY2hlbWFfdmVyc2lvbiI6IjMifQ==",
          "dependencies": [
            "data.vsphere_datastore.datastore",
            "data.vsphere_network.iscsi",
            "data.vsphere_network.public",
            "data.vsphere_resource_pool.pool1",
            "data.vsphere_virtual_machine.template"
          ]
        },
        {
          "index_key": 1,
          "schema_version": 3,
          "attributes": {
            "alternate_guest_name": "",
            "annotation": "",
            "boot_delay": 0,
            "boot_retry_delay": 10000,
            "boot_retry_enabled": false,
            "cdrom": [
              {
                "client_device": true,
                "datastore_id": "",
                "device_address": "sata:0:0",
                "key": 16000,
                "path": ""
              }
            ],
            "change_version": "2021-01-11T22:30:08.595236Z",
            "clone": [
              {
                "customize": [
                  {
                    "dns_server_list": [
                      "10.224.112.106",
                      "8.8.4.4",
                      "8.8.8.8"
                    ],
                    "dns_suffix_list": null,
                    "ipv4_gateway": "10.224.112.1",
                    "ipv6_gateway": "",
                    "linux_options": [
                      {
                        "domain": "purestorage.com",
                        "host_name": "chi-btm-pwx-n1",
                        "hw_clock_utc": true,
                        "time_zone": ""
                      }
                    ],
                    "network_interface": [
                      {
                        "dns_domain": "",
                        "dns_server_list": null,
                        "ipv4_address": "10.224.114.101",
                        "ipv4_netmask": 22,
                        "ipv6_address": "",
                        "ipv6_netmask": 0
                      },
                      {
                        "dns_domain": "",
                        "dns_server_list": null,
                        "ipv4_address": "10.10.10.251",
                        "ipv4_netmask": 24,
                        "ipv6_address": "",
                        "ipv6_netmask": 0
                      }
                    ],
                    "timeout": 10,
                    "windows_options": [],
                    "windows_sysprep_text": ""
                  }
                ],
                "linked_clone": false,
                "ovf_network_map": null,
                "ovf_storage_map": null,
                "template_uuid": "421af23b-8638-17b7-3a7d-ec04fcfa4cbe",
                "timeout": 30
              }
            ],
            "cpu_hot_add_enabled": false,
            "cpu_hot_remove_enabled": false,
            "cpu_limit": -1,
            "cpu_performance_counters_enabled": false,
            "cpu_reservation": 0,
            "cpu_share_count": 4000,
            "cpu_share_level": "normal",
            "custom_attributes": null,
            "datacenter_id": null,
            "datastore_cluster_id": null,
            "datastore_id": "datastore-1027",
            "default_ip_address": null,
            "disk": [
              {
                "attach": false,
                "controller_type": "scsi",
                "datastore_id": "datastore-1027",
                "device_address": "scsi:0:0",
                "disk_mode": "persistent",
                "disk_sharing": "sharingNone",
                "eagerly_scrub": false,
                "io_limit": -1,
                "io_reservation": 0,
                "io_share_count": 1000,
                "io_share_level": "normal",
                "keep_on_remove": false,
                "key": 2000,
                "label": "disk0",
                "name": "",
                "path": "rfc4122.04f7765e-73f4-4350-985e-a0f3f2f73bdb/chi-btm-pwx-n1.vmdk",
                "size": 200,
                "storage_policy_id": "f4e5bade-15a2-4805-bf8e-52318c4ce443",
                "thin_provisioned": true,
                "unit_number": 0,
                "uuid": "6000C291-746e-dd25-91ce-6dcf918c8302",
                "write_through": false
              },
              {
                "attach": false,
                "controller_type": "scsi",
                "datastore_id": "datastore-1027",
                "device_address": "scsi:0:1",
                "disk_mode": "persistent",
                "disk_sharing": "sharingNone",
                "eagerly_scrub": false,
                "io_limit": -1,
                "io_reservation": 0,
                "io_share_count": 1000,
                "io_share_level": "normal",
                "keep_on_remove": false,
                "key": 2001,
                "label": "disk1",
                "name": "",
                "path": "rfc4122.04f7765e-73f4-4350-985e-a0f3f2f73bdb/chi-btm-pwx-n1_1.vmdk",
                "size": 100,
                "storage_policy_id": "f4e5bade-15a2-4805-bf8e-52318c4ce443",
                "thin_provisioned": true,
                "unit_number": 1,
                "uuid": "6000C296-d942-1b9e-5221-ad638dc8ef7d",
                "write_through": false
              },
              {
                "attach": false,
                "controller_type": "scsi",
                "datastore_id": "datastore-1027",
                "device_address": "scsi:0:2",
                "disk_mode": "persistent",
                "disk_sharing": "sharingNone",
                "eagerly_scrub": false,
                "io_limit": -1,
                "io_reservation": 0,
                "io_share_count": 1000,
                "io_share_level": "normal",
                "keep_on_remove": false,
                "key": 2002,
                "label": "disk2",
                "name": "",
                "path": "rfc4122.04f7765e-73f4-4350-985e-a0f3f2f73bdb/chi-btm-pwx-n1_2.vmdk",
                "size": 100,
                "storage_policy_id": "f4e5bade-15a2-4805-bf8e-52318c4ce443",
                "thin_provisioned": true,
                "unit_number": 2,
                "uuid": "6000C29a-b2ff-7169-9ac3-a7f10f978319",
                "write_through": false
              },
              {
                "attach": false,
                "controller_type": "scsi",
                "datastore_id": "datastore-1027",
                "device_address": "scsi:0:3",
                "disk_mode": "persistent",
                "disk_sharing": "sharingNone",
                "eagerly_scrub": false,
                "io_limit": -1,
                "io_reservation": 0,
                "io_share_count": 1000,
                "io_share_level": "normal",
                "keep_on_remove": false,
                "key": 2003,
                "label": "disk3",
                "name": "",
                "path": "rfc4122.04f7765e-73f4-4350-985e-a0f3f2f73bdb/chi-btm-pwx-n1_3.vmdk",
                "size": 99,
                "storage_policy_id": "f4e5bade-15a2-4805-bf8e-52318c4ce443",
                "thin_provisioned": true,
                "unit_number": 3,
                "uuid": "6000C299-33a7-455c-8276-4ff2738b918c",
                "write_through": false
              }
            ],
            "efi_secure_boot_enabled": false,
            "enable_disk_uuid": true,
            "enable_logging": false,
            "ept_rvi_mode": "automatic",
            "extra_config": null,
            "firmware": "bios",
            "folder": "chi-btm",
            "force_power_off": true,
            "guest_id": "ubuntu64Guest",
            "guest_ip_addresses": [],
            "hardware_version": 15,
            "host_system_id": "host-1012",
            "hv_mode": "hvAuto",
            "id": "421a0c6a-c3f9-cd73-057b-659d1e83e429",
            "ide_controller_count": 2,
            "ignored_guest_ips": null,
            "imported": null,
            "latency_sensitivity": "normal",
            "memory": 12288,
            "memory_hot_add_enabled": false,
            "memory_limit": -1,
            "memory_reservation": 0,
            "memory_share_count": 122880,
            "memory_share_level": "normal",
            "migrate_wait_timeout": 30,
            "moid": "vm-2255",
            "name": "chi-btm-pwx-n1",
            "nested_hv_enabled": false,
            "network_interface": [
              {
                "adapter_type": "vmxnet3",
                "bandwidth_limit": -1,
                "bandwidth_reservation": 0,
                "bandwidth_share_count": 50,
                "bandwidth_share_level": "normal",
                "device_address": "pci:0:7",
                "key": 4000,
                "mac_address": "00:50:56:9a:9a:8d",
                "network_id": "network-1031",
                "ovf_mapping": "",
                "use_static_mac": false
              },
              {
                "adapter_type": "vmxnet3",
                "bandwidth_limit": -1,
                "bandwidth_reservation": 0,
                "bandwidth_share_count": 50,
                "bandwidth_share_level": "normal",
                "device_address": "pci:0:8",
                "key": 4001,
                "mac_address": "00:50:56:9a:92:e2",
                "network_id": "network-1029",
                "ovf_mapping": "",
                "use_static_mac": false
              }
            ],
            "num_cores_per_socket": 1,
            "num_cpus": 4,
            "ovf_deploy": [],
            "pci_device_id": null,
            "poweron_timeout": 300,
            "reboot_required": false,
            "resource_pool_id": "resgroup-1255",
            "run_tools_scripts_after_power_on": true,
            "run_tools_scripts_after_resume": true,
            "run_tools_scripts_before_guest_reboot": false,
            "run_tools_scripts_before_guest_shutdown": true,
            "run_tools_scripts_before_guest_standby": true,
            "sata_controller_count": 0,
            "scsi_bus_sharing": "noSharing",
            "scsi_controller_count": 1,
            "scsi_type": "pvscsi",
            "shutdown_wait_timeout": 3,
            "storage_policy_id": "f4e5bade-15a2-4805-bf8e-52318c4ce443",
            "swap_placement_policy": "inherit",
            "sync_time_with_host": false,
            "tags": null,
            "uuid": "421a0c6a-c3f9-cd73-057b-659d1e83e429",
            "vapp": [],
            "vapp_transport": [],
            "vmware_tools_status": "guestToolsRunning",
            "vmx_path": "rfc4122.04f7765e-73f4-4350-985e-a0f3f2f73bdb/chi-btm-pwx-n1.vmx",
            "wait_for_guest_ip_timeout": -1,
            "wait_for_guest_net_routable": true,
            "wait_for_guest_net_timeout": -1
          },
          "sensitive_attributes": [],
          "private": "eyJzY2hlbWFfdmVyc2lvbiI6IjMifQ==",
          "dependencies": [
            "data.vsphere_datastore.datastore",
            "data.vsphere_network.iscsi",
            "data.vsphere_network.public",
            "data.vsphere_resource_pool.pool1",
            "data.vsphere_virtual_machine.template"
          ]
        },
        {
          "index_key": 2,
          "schema_version": 3,
          "attributes": {
            "alternate_guest_name": "",
            "annotation": "",
            "boot_delay": 0,
            "boot_retry_delay": 10000,
            "boot_retry_enabled": false,
            "cdrom": [
              {
                "client_device": true,
                "datastore_id": "",
                "device_address": "sata:0:0",
                "key": 16000,
                "path": ""
              }
            ],
            "change_version": "2021-01-11T22:30:13.81164Z",
            "clone": [
              {
                "customize": [
                  {
                    "dns_server_list": [
                      "10.224.112.106",
                      "8.8.4.4",
                      "8.8.8.8"
                    ],
                    "dns_suffix_list": null,
                    "ipv4_gateway": "10.224.112.1",
                    "ipv6_gateway": "",
                    "linux_options": [
                      {
                        "domain": "purestorage.com",
                        "host_name": "chi-btm-pwx-n2",
                        "hw_clock_utc": true,
                        "time_zone": ""
                      }
                    ],
                    "network_interface": [
                      {
                        "dns_domain": "",
                        "dns_server_list": null,
                        "ipv4_address": "10.224.114.102",
                        "ipv4_netmask": 22,
                        "ipv6_address": "",
                        "ipv6_netmask": 0
                      },
                      {
                        "dns_domain": "",
                        "dns_server_list": null,
                        "ipv4_address": "10.10.10.252",
                        "ipv4_netmask": 24,
                        "ipv6_address": "",
                        "ipv6_netmask": 0
                      }
                    ],
                    "timeout": 10,
                    "windows_options": [],
                    "windows_sysprep_text": ""
                  }
                ],
                "linked_clone": false,
                "ovf_network_map": null,
                "ovf_storage_map": null,
                "template_uuid": "421af23b-8638-17b7-3a7d-ec04fcfa4cbe",
                "timeout": 30
              }
            ],
            "cpu_hot_add_enabled": false,
            "cpu_hot_remove_enabled": false,
            "cpu_limit": -1,
            "cpu_performance_counters_enabled": false,
            "cpu_reservation": 0,
            "cpu_share_count": 4000,
            "cpu_share_level": "normal",
            "custom_attributes": null,
            "datacenter_id": null,
            "datastore_cluster_id": null,
            "datastore_id": "datastore-1027",
            "default_ip_address": null,
            "disk": [
              {
                "attach": false,
                "controller_type": "scsi",
                "datastore_id": "datastore-1027",
                "device_address": "scsi:0:0",
                "disk_mode": "persistent",
                "disk_sharing": "sharingNone",
                "eagerly_scrub": false,
                "io_limit": -1,
                "io_reservation": 0,
                "io_share_count": 1000,
                "io_share_level": "normal",
                "keep_on_remove": false,
                "key": 2000,
                "label": "disk0",
                "name": "",
                "path": "rfc4122.9ee47b19-bffe-4c07-b516-61bf523ee0ab/chi-btm-pwx-n2.vmdk",
                "size": 200,
                "storage_policy_id": "f4e5bade-15a2-4805-bf8e-52318c4ce443",
                "thin_provisioned": true,
                "unit_number": 0,
                "uuid": "6000C29f-82ba-66fe-812b-54de80d25550",
                "write_through": false
              },
              {
                "attach": false,
                "controller_type": "scsi",
                "datastore_id": "datastore-1027",
                "device_address": "scsi:0:1",
                "disk_mode": "persistent",
                "disk_sharing": "sharingNone",
                "eagerly_scrub": false,
                "io_limit": -1,
                "io_reservation": 0,
                "io_share_count": 1000,
                "io_share_level": "normal",
                "keep_on_remove": false,
                "key": 2001,
                "label": "disk1",
                "name": "",
                "path": "rfc4122.9ee47b19-bffe-4c07-b516-61bf523ee0ab/chi-btm-pwx-n2_1.vmdk",
                "size": 100,
                "storage_policy_id": "f4e5bade-15a2-4805-bf8e-52318c4ce443",
                "thin_provisioned": true,
                "unit_number": 1,
                "uuid": "6000C295-bc7d-6bb5-08a5-92074effd8a3",
                "write_through": false
              },
              {
                "attach": false,
                "controller_type": "scsi",
                "datastore_id": "datastore-1027",
                "device_address": "scsi:0:2",
                "disk_mode": "persistent",
                "disk_sharing": "sharingNone",
                "eagerly_scrub": false,
                "io_limit": -1,
                "io_reservation": 0,
                "io_share_count": 1000,
                "io_share_level": "normal",
                "keep_on_remove": false,
                "key": 2002,
                "label": "disk2",
                "name": "",
                "path": "rfc4122.9ee47b19-bffe-4c07-b516-61bf523ee0ab/chi-btm-pwx-n2_2.vmdk",
                "size": 100,
                "storage_policy_id": "f4e5bade-15a2-4805-bf8e-52318c4ce443",
                "thin_provisioned": true,
                "unit_number": 2,
                "uuid": "6000C290-ef28-e5eb-8c89-dcaa2fa8eb6b",
                "write_through": false
              },
              {
                "attach": false,
                "controller_type": "scsi",
                "datastore_id": "datastore-1027",
                "device_address": "scsi:0:3",
                "disk_mode": "persistent",
                "disk_sharing": "sharingNone",
                "eagerly_scrub": false,
                "io_limit": -1,
                "io_reservation": 0,
                "io_share_count": 1000,
                "io_share_level": "normal",
                "keep_on_remove": false,
                "key": 2003,
                "label": "disk3",
                "name": "",
                "path": "rfc4122.9ee47b19-bffe-4c07-b516-61bf523ee0ab/chi-btm-pwx-n2_3.vmdk",
                "size": 99,
                "storage_policy_id": "f4e5bade-15a2-4805-bf8e-52318c4ce443",
                "thin_provisioned": true,
                "unit_number": 3,
                "uuid": "6000C292-8f78-8ba0-32cb-bddcbe48f0b3",
                "write_through": false
              }
            ],
            "efi_secure_boot_enabled": false,
            "enable_disk_uuid": true,
            "enable_logging": false,
            "ept_rvi_mode": "automatic",
            "extra_config": null,
            "firmware": "bios",
            "folder": "chi-btm",
            "force_power_off": true,
            "guest_id": "ubuntu64Guest",
            "guest_ip_addresses": [],
            "hardware_version": 15,
            "host_system_id": "host-1012",
            "hv_mode": "hvAuto",
            "id": "421ad2f7-bb7c-f4d6-4850-0b5b0e5f1528",
            "ide_controller_count": 2,
            "ignored_guest_ips": null,
            "imported": null,
            "latency_sensitivity": "normal",
            "memory": 12288,
            "memory_hot_add_enabled": false,
            "memory_limit": -1,
            "memory_reservation": 0,
            "memory_share_count": 122880,
            "memory_share_level": "normal",
            "migrate_wait_timeout": 30,
            "moid": "vm-2257",
            "name": "chi-btm-pwx-n2",
            "nested_hv_enabled": false,
            "network_interface": [
              {
                "adapter_type": "vmxnet3",
                "bandwidth_limit": -1,
                "bandwidth_reservation": 0,
                "bandwidth_share_count": 50,
                "bandwidth_share_level": "normal",
                "device_address": "pci:0:7",
                "key": 4000,
                "mac_address": "00:50:56:9a:f0:93",
                "network_id": "network-1031",
                "ovf_mapping": "",
                "use_static_mac": false
              },
              {
                "adapter_type": "vmxnet3",
                "bandwidth_limit": -1,
                "bandwidth_reservation": 0,
                "bandwidth_share_count": 50,
                "bandwidth_share_level": "normal",
                "device_address": "pci:0:8",
                "key": 4001,
                "mac_address": "00:50:56:9a:d1:9f",
                "network_id": "network-1029",
                "ovf_mapping": "",
                "use_static_mac": false
              }
            ],
            "num_cores_per_socket": 1,
            "num_cpus": 4,
            "ovf_deploy": [],
            "pci_device_id": null,
            "poweron_timeout": 300,
            "reboot_required": false,
            "resource_pool_id": "resgroup-1255",
            "run_tools_scripts_after_power_on": true,
            "run_tools_scripts_after_resume": true,
            "run_tools_scripts_before_guest_reboot": false,
            "run_tools_scripts_before_guest_shutdown": true,
            "run_tools_scripts_before_guest_standby": true,
            "sata_controller_count": 0,
            "scsi_bus_sharing": "noSharing",
            "scsi_controller_count": 1,
            "scsi_type": "pvscsi",
            "shutdown_wait_timeout": 3,
            "storage_policy_id": "f4e5bade-15a2-4805-bf8e-52318c4ce443",
            "swap_placement_policy": "inherit",
            "sync_time_with_host": false,
            "tags": null,
            "uuid": "421ad2f7-bb7c-f4d6-4850-0b5b0e5f1528",
            "vapp": [],
            "vapp_transport": [],
            "vmware_tools_status": "guestToolsRunning",
            "vmx_path": "rfc4122.9ee47b19-bffe-4c07-b516-61bf523ee0ab/chi-btm-pwx-n2.vmx",
            "wait_for_guest_ip_timeout": -1,
            "wait_for_guest_net_routable": true,
            "wait_for_guest_net_timeout": -1
          },
          "sensitive_attributes": [],
          "private": "eyJzY2hlbWFfdmVyc2lvbiI6IjMifQ==",
          "dependencies": [
            "data.vsphere_datastore.datastore",
            "data.vsphere_network.iscsi",
            "data.vsphere_network.public",
            "data.vsphere_resource_pool.pool1",
            "data.vsphere_virtual_machine.template"
          ]
        },
        {
          "index_key": 3,
          "schema_version": 3,
          "attributes": {
            "alternate_guest_name": "",
            "annotation": "",
            "boot_delay": 0,
            "boot_retry_delay": 10000,
            "boot_retry_enabled": false,
            "cdrom": [
              {
                "client_device": true,
                "datastore_id": "",
                "device_address": "sata:0:0",
                "key": 16000,
                "path": ""
              }
            ],
            "change_version": "2021-01-11T22:27:34.310154Z",
            "clone": [
              {
                "customize": [
                  {
                    "dns_server_list": [
                      "10.224.112.106",
                      "8.8.4.4",
                      "8.8.8.8"
                    ],
                    "dns_suffix_list": null,
                    "ipv4_gateway": "10.224.112.1",
                    "ipv6_gateway": "",
                    "linux_options": [
                      {
                        "domain": "purestorage.com",
                        "host_name": "chi-btm-pwx-n3",
                        "hw_clock_utc": true,
                        "time_zone": ""
                      }
                    ],
                    "network_interface": [
                      {
                        "dns_domain": "",
                        "dns_server_list": null,
                        "ipv4_address": "10.224.114.103",
                        "ipv4_netmask": 22,
                        "ipv6_address": "",
                        "ipv6_netmask": 0
                      },
                      {
                        "dns_domain": "",
                        "dns_server_list": null,
                        "ipv4_address": "10.10.10.253",
                        "ipv4_netmask": 24,
                        "ipv6_address": "",
                        "ipv6_netmask": 0
                      }
                    ],
                    "timeout": 10,
                    "windows_options": [],
                    "windows_sysprep_text": ""
                  }
                ],
                "linked_clone": false,
                "ovf_network_map": null,
                "ovf_storage_map": null,
                "template_uuid": "421af23b-8638-17b7-3a7d-ec04fcfa4cbe",
                "timeout": 30
              }
            ],
            "cpu_hot_add_enabled": false,
            "cpu_hot_remove_enabled": false,
            "cpu_limit": -1,
            "cpu_performance_counters_enabled": false,
            "cpu_reservation": 0,
            "cpu_share_count": 4000,
            "cpu_share_level": "normal",
            "custom_attributes": null,
            "datacenter_id": null,
            "datastore_cluster_id": null,
            "datastore_id": "datastore-1027",
            "default_ip_address": null,
            "disk": [
              {
                "attach": false,
                "controller_type": "scsi",
                "datastore_id": "datastore-1027",
                "device_address": "scsi:0:0",
                "disk_mode": "persistent",
                "disk_sharing": "sharingNone",
                "eagerly_scrub": false,
                "io_limit": -1,
                "io_reservation": 0,
                "io_share_count": 1000,
                "io_share_level": "normal",
                "keep_on_remove": false,
                "key": 2000,
                "label": "disk0",
                "name": "",
                "path": "rfc4122.a031cc38-e9da-4da4-8b81-47b97c4f0905/chi-btm-pwx-n3.vmdk",
                "size": 200,
                "storage_policy_id": "f4e5bade-15a2-4805-bf8e-52318c4ce443",
                "thin_provisioned": true,
                "unit_number": 0,
                "uuid": "6000C29e-b069-a724-2420-05966d232833",
                "write_through": false
              },
              {
                "attach": false,
                "controller_type": "scsi",
                "datastore_id": "datastore-1027",
                "device_address": "scsi:0:1",
                "disk_mode": "persistent",
                "disk_sharing": "sharingNone",
                "eagerly_scrub": false,
                "io_limit": -1,
                "io_reservation": 0,
                "io_share_count": 1000,
                "io_share_level": "normal",
                "keep_on_remove": false,
                "key": 2001,
                "label": "disk1",
                "name": "",
                "path": "rfc4122.a031cc38-e9da-4da4-8b81-47b97c4f0905/chi-btm-pwx-n3_1.vmdk",
                "size": 100,
                "storage_policy_id": "f4e5bade-15a2-4805-bf8e-52318c4ce443",
                "thin_provisioned": true,
                "unit_number": 1,
                "uuid": "6000C291-b7eb-950d-96c8-71ef292acdad",
                "write_through": false
              },
              {
                "attach": false,
                "controller_type": "scsi",
                "datastore_id": "datastore-1027",
                "device_address": "scsi:0:2",
                "disk_mode": "persistent",
                "disk_sharing": "sharingNone",
                "eagerly_scrub": false,
                "io_limit": -1,
                "io_reservation": 0,
                "io_share_count": 1000,
                "io_share_level": "normal",
                "keep_on_remove": false,
                "key": 2002,
                "label": "disk2",
                "name": "",
                "path": "rfc4122.a031cc38-e9da-4da4-8b81-47b97c4f0905/chi-btm-pwx-n3_2.vmdk",
                "size": 100,
                "storage_policy_id": "f4e5bade-15a2-4805-bf8e-52318c4ce443",
                "thin_provisioned": true,
                "unit_number": 2,
                "uuid": "6000C29b-c043-b109-17f3-64db3f0af969",
                "write_through": false
              },
              {
                "attach": false,
                "controller_type": "scsi",
                "datastore_id": "datastore-1027",
                "device_address": "scsi:0:3",
                "disk_mode": "persistent",
                "disk_sharing": "sharingNone",
                "eagerly_scrub": false,
                "io_limit": -1,
                "io_reservation": 0,
                "io_share_count": 1000,
                "io_share_level": "normal",
                "keep_on_remove": false,
                "key": 2003,
                "label": "disk3",
                "name": "",
                "path": "rfc4122.a031cc38-e9da-4da4-8b81-47b97c4f0905/chi-btm-pwx-n3_3.vmdk",
                "size": 99,
                "storage_policy_id": "f4e5bade-15a2-4805-bf8e-52318c4ce443",
                "thin_provisioned": true,
                "unit_number": 3,
                "uuid": "6000C29c-07c0-d001-703b-14a45034ec59",
                "write_through": false
              }
            ],
            "efi_secure_boot_enabled": false,
            "enable_disk_uuid": true,
            "enable_logging": false,
            "ept_rvi_mode": "automatic",
            "extra_config": null,
            "firmware": "bios",
            "folder": "chi-btm",
            "force_power_off": true,
            "guest_id": "ubuntu64Guest",
            "guest_ip_addresses": [],
            "hardware_version": 15,
            "host_system_id": "host-1015",
            "hv_mode": "hvAuto",
            "id": "421a66fb-9e6c-dccf-c923-da7966dcd50f",
            "ide_controller_count": 2,
            "ignored_guest_ips": null,
            "imported": null,
            "latency_sensitivity": "normal",
            "memory": 12288,
            "memory_hot_add_enabled": false,
            "memory_limit": -1,
            "memory_reservation": 0,
            "memory_share_count": 122880,
            "memory_share_level": "normal",
            "migrate_wait_timeout": 30,
            "moid": "vm-2259",
            "name": "chi-btm-pwx-n3",
            "nested_hv_enabled": false,
            "network_interface": [
              {
                "adapter_type": "vmxnet3",
                "bandwidth_limit": -1,
                "bandwidth_reservation": 0,
                "bandwidth_share_count": 50,
                "bandwidth_share_level": "normal",
                "device_address": "pci:0:7",
                "key": 4000,
                "mac_address": "00:50:56:9a:ff:76",
                "network_id": "network-1031",
                "ovf_mapping": "",
                "use_static_mac": false
              },
              {
                "adapter_type": "vmxnet3",
                "bandwidth_limit": -1,
                "bandwidth_reservation": 0,
                "bandwidth_share_count": 50,
                "bandwidth_share_level": "normal",
                "device_address": "pci:0:8",
                "key": 4001,
                "mac_address": "00:50:56:9a:db:4f",
                "network_id": "network-1029",
                "ovf_mapping": "",
                "use_static_mac": false
              }
            ],
            "num_cores_per_socket": 1,
            "num_cpus": 4,
            "ovf_deploy": [],
            "pci_device_id": null,
            "poweron_timeout": 300,
            "reboot_required": false,
            "resource_pool_id": "resgroup-1255",
            "run_tools_scripts_after_power_on": true,
            "run_tools_scripts_after_resume": true,
            "run_tools_scripts_before_guest_reboot": false,
            "run_tools_scripts_before_guest_shutdown": true,
            "run_tools_scripts_before_guest_standby": true,
            "sata_controller_count": 0,
            "scsi_bus_sharing": "noSharing",
            "scsi_controller_count": 1,
            "scsi_type": "pvscsi",
            "shutdown_wait_timeout": 3,
            "storage_policy_id": "f4e5bade-15a2-4805-bf8e-52318c4ce443",
            "swap_placement_policy": "inherit",
            "sync_time_with_host": false,
            "tags": null,
            "uuid": "421a66fb-9e6c-dccf-c923-da7966dcd50f",
            "vapp": [],
            "vapp_transport": [],
            "vmware_tools_status": "guestToolsRunning",
            "vmx_path": "rfc4122.a031cc38-e9da-4da4-8b81-47b97c4f0905/chi-btm-pwx-n3.vmx",
            "wait_for_guest_ip_timeout": -1,
            "wait_for_guest_net_routable": true,
            "wait_for_guest_net_timeout": -1
          },
          "sensitive_attributes": [],
          "private": "eyJzY2hlbWFfdmVyc2lvbiI6IjMifQ==",
          "dependencies": [
            "data.vsphere_datastore.datastore",
            "data.vsphere_network.iscsi",
            "data.vsphere_network.public",
            "data.vsphere_resource_pool.pool1",
            "data.vsphere_virtual_machine.template"
          ]
        },
        {
          "index_key": 4,
          "schema_version": 3,
          "attributes": {
            "alternate_guest_name": "",
            "annotation": "",
            "boot_delay": 0,
            "boot_retry_delay": 10000,
            "boot_retry_enabled": false,
            "cdrom": [
              {
                "client_device": true,
                "datastore_id": "",
                "device_address": "sata:0:0",
                "key": 16000,
                "path": ""
              }
            ],
            "change_version": "2021-01-11T22:30:09.619883Z",
            "clone": [
              {
                "customize": [
                  {
                    "dns_server_list": [
                      "10.224.112.106",
                      "8.8.4.4",
                      "8.8.8.8"
                    ],
                    "dns_suffix_list": null,
                    "ipv4_gateway": "10.224.112.1",
                    "ipv6_gateway": "",
                    "linux_options": [
                      {
                        "domain": "purestorage.com",
                        "host_name": "chi-btm-pwx-n4",
                        "hw_clock_utc": true,
                        "time_zone": ""
                      }
                    ],
                    "network_interface": [
                      {
                        "dns_domain": "",
                        "dns_server_list": null,
                        "ipv4_address": "10.224.114.104",
                        "ipv4_netmask": 22,
                        "ipv6_address": "",
                        "ipv6_netmask": 0
                      },
                      {
                        "dns_domain": "",
                        "dns_server_list": null,
                        "ipv4_address": "10.10.10.254",
                        "ipv4_netmask": 24,
                        "ipv6_address": "",
                        "ipv6_netmask": 0
                      }
                    ],
                    "timeout": 10,
                    "windows_options": [],
                    "windows_sysprep_text": ""
                  }
                ],
                "linked_clone": false,
                "ovf_network_map": null,
                "ovf_storage_map": null,
                "template_uuid": "421af23b-8638-17b7-3a7d-ec04fcfa4cbe",
                "timeout": 30
              }
            ],
            "cpu_hot_add_enabled": false,
            "cpu_hot_remove_enabled": false,
            "cpu_limit": -1,
            "cpu_performance_counters_enabled": false,
            "cpu_reservation": 0,
            "cpu_share_count": 4000,
            "cpu_share_level": "normal",
            "custom_attributes": null,
            "datacenter_id": null,
            "datastore_cluster_id": null,
            "datastore_id": "datastore-1027",
            "default_ip_address": null,
            "disk": [
              {
                "attach": false,
                "controller_type": "scsi",
                "datastore_id": "datastore-1027",
                "device_address": "scsi:0:0",
                "disk_mode": "persistent",
                "disk_sharing": "sharingNone",
                "eagerly_scrub": false,
                "io_limit": -1,
                "io_reservation": 0,
                "io_share_count": 1000,
                "io_share_level": "normal",
                "keep_on_remove": false,
                "key": 2000,
                "label": "disk0",
                "name": "",
                "path": "rfc4122.2b6b27f9-68bd-4cc5-bdbd-d5e351952a05/chi-btm-pwx-n4.vmdk",
                "size": 200,
                "storage_policy_id": "f4e5bade-15a2-4805-bf8e-52318c4ce443",
                "thin_provisioned": true,
                "unit_number": 0,
                "uuid": "6000C29b-4718-81a2-c21b-cdc4f1c57ccc",
                "write_through": false
              },
              {
                "attach": false,
                "controller_type": "scsi",
                "datastore_id": "datastore-1027",
                "device_address": "scsi:0:1",
                "disk_mode": "persistent",
                "disk_sharing": "sharingNone",
                "eagerly_scrub": false,
                "io_limit": -1,
                "io_reservation": 0,
                "io_share_count": 1000,
                "io_share_level": "normal",
                "keep_on_remove": false,
                "key": 2001,
                "label": "disk1",
                "name": "",
                "path": "rfc4122.2b6b27f9-68bd-4cc5-bdbd-d5e351952a05/chi-btm-pwx-n4_1.vmdk",
                "size": 100,
                "storage_policy_id": "f4e5bade-15a2-4805-bf8e-52318c4ce443",
                "thin_provisioned": true,
                "unit_number": 1,
                "uuid": "6000C296-6e70-625a-217f-dfb9b6c0c228",
                "write_through": false
              },
              {
                "attach": false,
                "controller_type": "scsi",
                "datastore_id": "datastore-1027",
                "device_address": "scsi:0:2",
                "disk_mode": "persistent",
                "disk_sharing": "sharingNone",
                "eagerly_scrub": false,
                "io_limit": -1,
                "io_reservation": 0,
                "io_share_count": 1000,
                "io_share_level": "normal",
                "keep_on_remove": false,
                "key": 2002,
                "label": "disk2",
                "name": "",
                "path": "rfc4122.2b6b27f9-68bd-4cc5-bdbd-d5e351952a05/chi-btm-pwx-n4_2.vmdk",
                "size": 100,
                "storage_policy_id": "f4e5bade-15a2-4805-bf8e-52318c4ce443",
                "thin_provisioned": true,
                "unit_number": 2,
                "uuid": "6000C29b-8951-80b6-f9f3-818cd73a9c01",
                "write_through": false
              },
              {
                "attach": false,
                "controller_type": "scsi",
                "datastore_id": "datastore-1027",
                "device_address": "scsi:0:3",
                "disk_mode": "persistent",
                "disk_sharing": "sharingNone",
                "eagerly_scrub": false,
                "io_limit": -1,
                "io_reservation": 0,
                "io_share_count": 1000,
                "io_share_level": "normal",
                "keep_on_remove": false,
                "key": 2003,
                "label": "disk3",
                "name": "",
                "path": "rfc4122.2b6b27f9-68bd-4cc5-bdbd-d5e351952a05/chi-btm-pwx-n4_3.vmdk",
                "size": 99,
                "storage_policy_id": "f4e5bade-15a2-4805-bf8e-52318c4ce443",
                "thin_provisioned": true,
                "unit_number": 3,
                "uuid": "6000C294-88d1-6c96-4e9c-90eb4b97792f",
                "write_through": false
              }
            ],
            "efi_secure_boot_enabled": false,
            "enable_disk_uuid": true,
            "enable_logging": false,
            "ept_rvi_mode": "automatic",
            "extra_config": null,
            "firmware": "bios",
            "folder": "chi-btm",
            "force_power_off": true,
            "guest_id": "ubuntu64Guest",
            "guest_ip_addresses": [],
            "hardware_version": 15,
            "host_system_id": "host-1012",
            "hv_mode": "hvAuto",
            "id": "421aacc4-7795-7dae-c4bf-f3f1a0b9f9cd",
            "ide_controller_count": 2,
            "ignored_guest_ips": null,
            "imported": null,
            "latency_sensitivity": "normal",
            "memory": 12288,
            "memory_hot_add_enabled": false,
            "memory_limit": -1,
            "memory_reservation": 0,
            "memory_share_count": 122880,
            "memory_share_level": "normal",
            "migrate_wait_timeout": 30,
            "moid": "vm-2256",
            "name": "chi-btm-pwx-n4",
            "nested_hv_enabled": false,
            "network_interface": [
              {
                "adapter_type": "vmxnet3",
                "bandwidth_limit": -1,
                "bandwidth_reservation": 0,
                "bandwidth_share_count": 50,
                "bandwidth_share_level": "normal",
                "device_address": "pci:0:7",
                "key": 4000,
                "mac_address": "00:50:56:9a:5c:5d",
                "network_id": "network-1031",
                "ovf_mapping": "",
                "use_static_mac": false
              },
              {
                "adapter_type": "vmxnet3",
                "bandwidth_limit": -1,
                "bandwidth_reservation": 0,
                "bandwidth_share_count": 50,
                "bandwidth_share_level": "normal",
                "device_address": "pci:0:8",
                "key": 4001,
                "mac_address": "00:50:56:9a:2a:d7",
                "network_id": "network-1029",
                "ovf_mapping": "",
                "use_static_mac": false
              }
            ],
            "num_cores_per_socket": 1,
            "num_cpus": 4,
            "ovf_deploy": [],
            "pci_device_id": null,
            "poweron_timeout": 300,
            "reboot_required": false,
            "resource_pool_id": "resgroup-1255",
            "run_tools_scripts_after_power_on": true,
            "run_tools_scripts_after_resume": true,
            "run_tools_scripts_before_guest_reboot": false,
            "run_tools_scripts_before_guest_shutdown": true,
            "run_tools_scripts_before_guest_standby": true,
            "sata_controller_count": 0,
            "scsi_bus_sharing": "noSharing",
            "scsi_controller_count": 1,
            "scsi_type": "pvscsi",
            "shutdown_wait_timeout": 3,
            "storage_policy_id": "f4e5bade-15a2-4805-bf8e-52318c4ce443",
            "swap_placement_policy": "inherit",
            "sync_time_with_host": false,
            "tags": null,
            "uuid": "421aacc4-7795-7dae-c4bf-f3f1a0b9f9cd",
            "vapp": [],
            "vapp_transport": [],
            "vmware_tools_status": "guestToolsRunning",
            "vmx_path": "rfc4122.2b6b27f9-68bd-4cc5-bdbd-d5e351952a05/chi-btm-pwx-n4.vmx",
            "wait_for_guest_ip_timeout": -1,
            "wait_for_guest_net_routable": true,
            "wait_for_guest_net_timeout": -1
          },
          "sensitive_attributes": [],
          "private": "eyJzY2hlbWFfdmVyc2lvbiI6IjMifQ==",
          "dependencies": [
            "data.vsphere_datastore.datastore",
            "data.vsphere_network.iscsi",
            "data.vsphere_network.public",
            "data.vsphere_resource_pool.pool1",
            "data.vsphere_virtual_machine.template"
          ]
        }
      ]
    }
  ]
}
